PODS:
  - Alamofire (3.1.2)
  - CocoaLumberjack/Core (2.2.0)
  - CocoaLumberjack/Default (2.2.0):
    - CocoaLumberjack/Core
  - CocoaLumberjack/Extensions (2.2.0):
    - CocoaLumberjack/Default
  - CocoaLumberjack/Swift (2.2.0):
    - CocoaLumberjack/Extensions
  - Locksmith (2.0.2)
  - Moya (4.4.0):
    - Moya/Core (= 4.4.0)
  - Moya/Core (4.4.0):
    - Alamofire (~> 3.0)
  - RxBlocking (2.0.0-beta.2):
    - RxSwift (~> 2.0.0-beta)
  - RxCocoa (2.0.0-beta.2):
    - RxSwift (~> 2.0.0-beta)
  - RxSwift (2.0.0-beta.2)
  - Static (0.2.0)
  - SWXMLHash (2.0.2)

DEPENDENCIES:
  - CocoaLumberjack/Swift (~> 2.2)
  - Locksmith (~> 2.0)
  - Moya (~> 4.0)
  - RxBlocking (~> 2.0.0-beta)
  - RxCocoa (~> 2.0.0-beta)
  - Static (from `https://github.com/venmo/Static`)
  - SWXMLHash (~> 2.0)

EXTERNAL SOURCES:
  Static:
    :git: https://github.com/venmo/Static

CHECKOUT OPTIONS:
  Static:
    :commit: 0645958c1c57d4b23add6e069a427a74cc8984ac
    :git: https://github.com/venmo/Static

SPEC CHECKSUMS:
  Alamofire: 7c16ca65f3c7e681fd925fd7f2dec7747ff96855
  CocoaLumberjack: 17fe8581f84914d5d7e6360f7c70022b173c3ae0
  Locksmith: 7f2b68448449a7712348f9a4ed60604c1cc8dfa6
  Moya: 0ade653ca4bc83bec120493130ecc32f137e5683
  RxBlocking: ffb518856fb7712dcef7e18406ccb8c2854b3104
  RxCocoa: ee39aa3ab24a8dde3832669f8e1e2c7652925e0c
  RxSwift: 795720c22352cf1f62669ef3695b5df7e195103b
  Static: b48f14dbacee91ac877bdf37c607f7524b1213ee
  SWXMLHash: 9e6bd7db2e8275eaf3d2082265623d6e749e169d

COCOAPODS: 0.39.0
