// !$*UTF8*$!
{
	archiveVersion = 1;
	classes = {
	};
	objectVersion = 46;
	objects = {

/* Begin PBXBuildFile section */
		B91ED9721BFA9C5B0070EB8E /* Box.swift in Sources */ = {isa = PBXBuildFile; fileRef = B91ED9711BFA9C5B0070EB8E /* Box.swift */; };
		B91ED9741BFAA1EE0070EB8E /* Theme.swift in Sources */ = {isa = PBXBuildFile; fileRef = B91ED9731BFAA1EE0070EB8E /* Theme.swift */; };
		B9220F881C0A98050095A206 /* Room.swift in Sources */ = {isa = PBXBuildFile; fileRef = B9220F871C0A98050095A206 /* Room.swift */; };
		B9220F8A1C0A98BF0095A206 /* Light.swift in Sources */ = {isa = PBXBuildFile; fileRef = B9220F891C0A98BF0095A206 /* Light.swift */; };
		B9220F8C1C0A9A8C0095A206 /* Blind.swift in Sources */ = {isa = PBXBuildFile; fileRef = B9220F8B1C0A9A8C0095A206 /* Blind.swift */; };
		B9220F8E1C0A9B300095A206 /* Consumer.swift in Sources */ = {isa = PBXBuildFile; fileRef = B9220F8D1C0A9B300095A206 /* Consumer.swift */; };
		B92F3E681C012F2000B3CD32 /* SetupViewModel.swift in Sources */ = {isa = PBXBuildFile; fileRef = B92F3E671C012F2000B3CD32 /* SetupViewModel.swift */; };
		B93C2C231C0D2657003340EE /* AuthenticationData.swift in Sources */ = {isa = PBXBuildFile; fileRef = B93C2C221C0D2657003340EE /* AuthenticationData.swift */; };
		B94E25751C067C7600B52062 /* NetworkManager.swift in Sources */ = {isa = PBXBuildFile; fileRef = B94E25741C067C7600B52062 /* NetworkManager.swift */; };
		B95A466F1BFBF4F20057225E /* ReactiveCocoa.framework in Frameworks */ = {isa = PBXBuildFile; fileRef = B95A46561BFBF4CD0057225E /* ReactiveCocoa.framework */; };
		B95A46701BFBF4F20057225E /* ReactiveCocoa.framework in Embed Frameworks */ = {isa = PBXBuildFile; fileRef = B95A46561BFBF4CD0057225E /* ReactiveCocoa.framework */; settings = {ATTRIBUTES = (CodeSignOnCopy, RemoveHeadersOnCopy, ); }; };
		B95A46731BFBF52C0057225E /* Result.framework in Frameworks */ = {isa = PBXBuildFile; fileRef = B95A463D1BFBF4C20057225E /* Result.framework */; };
		B95A46741BFBF52C0057225E /* Result.framework in Embed Frameworks */ = {isa = PBXBuildFile; fileRef = B95A463D1BFBF4C20057225E /* Result.framework */; settings = {ATTRIBUTES = (CodeSignOnCopy, RemoveHeadersOnCopy, ); }; };
		B95A46771BFBF5330057225E /* Alamofire.framework in Frameworks */ = {isa = PBXBuildFile; fileRef = B95A46191BFBF46C0057225E /* Alamofire.framework */; };
		B95A46781BFBF5330057225E /* Alamofire.framework in Embed Frameworks */ = {isa = PBXBuildFile; fileRef = B95A46191BFBF46C0057225E /* Alamofire.framework */; settings = {ATTRIBUTES = (CodeSignOnCopy, RemoveHeadersOnCopy, ); }; };
		B95A467B1BFBF5540057225E /* Locksmith.framework in Frameworks */ = {isa = PBXBuildFile; fileRef = B95A46661BFBF4D50057225E /* Locksmith.framework */; };
		B95A467C1BFBF5540057225E /* Locksmith.framework in Embed Frameworks */ = {isa = PBXBuildFile; fileRef = B95A46661BFBF4D50057225E /* Locksmith.framework */; settings = {ATTRIBUTES = (CodeSignOnCopy, RemoveHeadersOnCopy, ); }; };
		B95E46F31BEEB4AE00481E51 /* SetupController.swift in Sources */ = {isa = PBXBuildFile; fileRef = B95E46F21BEEB4AE00481E51 /* SetupController.swift */; };
		B984D1271BFFF98A0081158E /* ColorName.swift in Sources */ = {isa = PBXBuildFile; fileRef = B984D1261BFFF98A0081158E /* ColorName.swift */; };
		B985B5A71BF986EC003C715B /* ThemeManager.swift in Sources */ = {isa = PBXBuildFile; fileRef = B985B5A61BF986EC003C715B /* ThemeManager.swift */; };
		B99594631C0279D1007EE098 /* UITextField+RAC.swift in Sources */ = {isa = PBXBuildFile; fileRef = B99594621C0279D1007EE098 /* UITextField+RAC.swift */; };
		B99BA6F01C053A2900C8C62C /* SWXMLHash.framework in Frameworks */ = {isa = PBXBuildFile; fileRef = B99BA6DB1C0539A000C8C62C /* SWXMLHash.framework */; };
		B99BA6F41C053A7900C8C62C /* SWXMLHash.framework in Embed Frameworks */ = {isa = PBXBuildFile; fileRef = B99BA6DB1C0539A000C8C62C /* SWXMLHash.framework */; settings = {ATTRIBUTES = (CodeSignOnCopy, RemoveHeadersOnCopy, ); }; };
		B9C76A351C0927CC00B25DAC /* NetworkError.swift in Sources */ = {isa = PBXBuildFile; fileRef = B9C76A341C0927CC00B25DAC /* NetworkError.swift */; };
		B9EE8F011C1CDAEB001CB8F1 /* StoreSpec.swift in Sources */ = {isa = PBXBuildFile; fileRef = B9EE8F001C1CDAEB001CB8F1 /* StoreSpec.swift */; };
		B9EE8F2C1C1CDCA5001CB8F1 /* StructureFiles in Resources */ = {isa = PBXBuildFile; fileRef = B9EE8F2B1C1CDCA5001CB8F1 /* StructureFiles */; };
		B9F10AFE1BF7FFB400AB23D9 /* UIColor+Name.swift in Sources */ = {isa = PBXBuildFile; fileRef = B9F10AFD1BF7FFB400AB23D9 /* UIColor+Name.swift */; };
		B9F10B001BF8004200AB23D9 /* UIImage+Asset.swift in Sources */ = {isa = PBXBuildFile; fileRef = B9F10AFF1BF8004200AB23D9 /* UIImage+Asset.swift */; };
		B9F61EB31BED651900D60722 /* Assets.xcassets in Resources */ = {isa = PBXBuildFile; fileRef = B9F61EAD1BED651900D60722 /* Assets.xcassets */; };
		B9F61EB41BED651900D60722 /* LaunchScreen.storyboard in Resources */ = {isa = PBXBuildFile; fileRef = B9F61EAE1BED651900D60722 /* LaunchScreen.storyboard */; };
		B9F61EB61BED651900D60722 /* AppDelegate.swift in Sources */ = {isa = PBXBuildFile; fileRef = B9F61EB21BED651900D60722 /* AppDelegate.swift */; };
		B9F960A11C13A165005670B9 /* Quick.framework in Frameworks */ = {isa = PBXBuildFile; fileRef = B9F9606B1C13A13F005670B9 /* Quick.framework */; };
		B9F960A21C13A16B005670B9 /* Nimble.framework in Frameworks */ = {isa = PBXBuildFile; fileRef = B9F960921C13A14B005670B9 /* Nimble.framework */; };
		B9F960A71C13A1BD005670B9 /* Quick.framework in Frameworks */ = {isa = PBXBuildFile; fileRef = B9F9606B1C13A13F005670B9 /* Quick.framework */; };
		B9F960A81C13A1C4005670B9 /* Nimble.framework in Frameworks */ = {isa = PBXBuildFile; fileRef = B9F960921C13A14B005670B9 /* Nimble.framework */; };
		B9F960AA1C13A23E005670B9 /* NetworkManagerSpec.swift in Sources */ = {isa = PBXBuildFile; fileRef = B9F960A91C13A23E005670B9 /* NetworkManagerSpec.swift */; };
		B9FC15591C0BBFE800FEF734 /* Store.swift in Sources */ = {isa = PBXBuildFile; fileRef = B9FC15581C0BBFE800FEF734 /* Store.swift */; };
/* End PBXBuildFile section */

/* Begin PBXContainerItemProxy section */
		B95A46181BFBF46C0057225E /* PBXContainerItemProxy */ = {
			isa = PBXContainerItemProxy;
			containerPortal = B95A460E1BFBF46C0057225E /* Alamofire.xcodeproj */;
			proxyType = 2;
			remoteGlobalIDString = F8111E3319A95C8B0040E7D1;
			remoteInfo = "Alamofire iOS";
		};
		B95A461A1BFBF46C0057225E /* PBXContainerItemProxy */ = {
			isa = PBXContainerItemProxy;
			containerPortal = B95A460E1BFBF46C0057225E /* Alamofire.xcodeproj */;
			proxyType = 2;
			remoteGlobalIDString = F8111E3E19A95C8B0040E7D1;
			remoteInfo = "Alamofire iOS Tests";
		};
		B95A461C1BFBF46C0057225E /* PBXContainerItemProxy */ = {
			isa = PBXContainerItemProxy;
			containerPortal = B95A460E1BFBF46C0057225E /* Alamofire.xcodeproj */;
			proxyType = 2;
			remoteGlobalIDString = 4DD67C0B1A5C55C900ED2280;
			remoteInfo = "Alamofire OSX";
		};
		B95A461E1BFBF46C0057225E /* PBXContainerItemProxy */ = {
			isa = PBXContainerItemProxy;
			containerPortal = B95A460E1BFBF46C0057225E /* Alamofire.xcodeproj */;
			proxyType = 2;
			remoteGlobalIDString = F829C6B21A7A94F100A2CD59;
			remoteInfo = "Alamofire OSX Tests";
		};
		B95A46201BFBF46C0057225E /* PBXContainerItemProxy */ = {
			isa = PBXContainerItemProxy;
			containerPortal = B95A460E1BFBF46C0057225E /* Alamofire.xcodeproj */;
			proxyType = 2;
			remoteGlobalIDString = 4CF626EF1BA7CB3E0011A099;
			remoteInfo = "Alamofire tvOS";
		};
		B95A46221BFBF46C0057225E /* PBXContainerItemProxy */ = {
			isa = PBXContainerItemProxy;
			containerPortal = B95A460E1BFBF46C0057225E /* Alamofire.xcodeproj */;
			proxyType = 2;
			remoteGlobalIDString = 4CF626F81BA7CB3E0011A099;
			remoteInfo = "Alamofire tvOS Tests";
		};
		B95A46241BFBF46C0057225E /* PBXContainerItemProxy */ = {
			isa = PBXContainerItemProxy;
			containerPortal = B95A460E1BFBF46C0057225E /* Alamofire.xcodeproj */;
			proxyType = 2;
			remoteGlobalIDString = E4202FE01B667AA100C997FB;
			remoteInfo = "Alamofire watchOS";
		};
		B95A46381BFBF4C20057225E /* PBXContainerItemProxy */ = {
			isa = PBXContainerItemProxy;
			containerPortal = B95A462D1BFBF4C20057225E /* Result.xcodeproj */;
			proxyType = 2;
			remoteGlobalIDString = D45480571A9572F5009D7229;
			remoteInfo = "Result-Mac";
		};
		B95A463A1BFBF4C20057225E /* PBXContainerItemProxy */ = {
			isa = PBXContainerItemProxy;
			containerPortal = B95A462D1BFBF4C20057225E /* Result.xcodeproj */;
			proxyType = 2;
			remoteGlobalIDString = D45480671A9572F5009D7229;
			remoteInfo = "Result-MacTests";
		};
		B95A463C1BFBF4C20057225E /* PBXContainerItemProxy */ = {
			isa = PBXContainerItemProxy;
			containerPortal = B95A462D1BFBF4C20057225E /* Result.xcodeproj */;
			proxyType = 2;
			remoteGlobalIDString = D454807D1A957361009D7229;
			remoteInfo = "Result-iOS";
		};
		B95A463E1BFBF4C20057225E /* PBXContainerItemProxy */ = {
			isa = PBXContainerItemProxy;
			containerPortal = B95A462D1BFBF4C20057225E /* Result.xcodeproj */;
			proxyType = 2;
			remoteGlobalIDString = D45480871A957362009D7229;
			remoteInfo = "Result-iOSTests";
		};
		B95A46401BFBF4C20057225E /* PBXContainerItemProxy */ = {
			isa = PBXContainerItemProxy;
			containerPortal = B95A462D1BFBF4C20057225E /* Result.xcodeproj */;
			proxyType = 2;
			remoteGlobalIDString = 57FCDE471BA280DC00130C48;
			remoteInfo = "Result-tvOS";
		};
		B95A46421BFBF4C20057225E /* PBXContainerItemProxy */ = {
			isa = PBXContainerItemProxy;
			containerPortal = B95A462D1BFBF4C20057225E /* Result.xcodeproj */;
			proxyType = 2;
			remoteGlobalIDString = 57FCDE541BA280E000130C48;
			remoteInfo = "Result-tvOSTests";
		};
		B95A46441BFBF4C20057225E /* PBXContainerItemProxy */ = {
			isa = PBXContainerItemProxy;
			containerPortal = B95A462D1BFBF4C20057225E /* Result.xcodeproj */;
			proxyType = 2;
			remoteGlobalIDString = D03579A31B2B788F005D26AE;
			remoteInfo = "Result-watchOS";
		};
		B95A46461BFBF4C20057225E /* PBXContainerItemProxy */ = {
			isa = PBXContainerItemProxy;
			containerPortal = B95A462D1BFBF4C20057225E /* Result.xcodeproj */;
			proxyType = 2;
			remoteGlobalIDString = D03579B01B2B78A1005D26AE;
			remoteInfo = "Result-watchOSTests";
		};
		B95A46511BFBF4CD0057225E /* PBXContainerItemProxy */ = {
			isa = PBXContainerItemProxy;
			containerPortal = B95A46481BFBF4CD0057225E /* ReactiveCocoa.xcodeproj */;
			proxyType = 2;
			remoteGlobalIDString = D04725EA19E49ED7006002AA;
			remoteInfo = "ReactiveCocoa-Mac";
		};
		B95A46531BFBF4CD0057225E /* PBXContainerItemProxy */ = {
			isa = PBXContainerItemProxy;
			containerPortal = B95A46481BFBF4CD0057225E /* ReactiveCocoa.xcodeproj */;
			proxyType = 2;
			remoteGlobalIDString = D04725F519E49ED7006002AA;
			remoteInfo = "ReactiveCocoa-MacTests";
		};
		B95A46551BFBF4CD0057225E /* PBXContainerItemProxy */ = {
			isa = PBXContainerItemProxy;
			containerPortal = B95A46481BFBF4CD0057225E /* ReactiveCocoa.xcodeproj */;
			proxyType = 2;
			remoteGlobalIDString = D047260C19E49F82006002AA;
			remoteInfo = "ReactiveCocoa-iOS";
		};
		B95A46571BFBF4CD0057225E /* PBXContainerItemProxy */ = {
			isa = PBXContainerItemProxy;
			containerPortal = B95A46481BFBF4CD0057225E /* ReactiveCocoa.xcodeproj */;
			proxyType = 2;
			remoteGlobalIDString = D047261619E49F82006002AA;
			remoteInfo = "ReactiveCocoa-iOSTests";
		};
		B95A46591BFBF4CD0057225E /* PBXContainerItemProxy */ = {
			isa = PBXContainerItemProxy;
			containerPortal = B95A46481BFBF4CD0057225E /* ReactiveCocoa.xcodeproj */;
			proxyType = 2;
			remoteGlobalIDString = A9B315541B3940610001CB9C;
			remoteInfo = "ReactiveCocoa-watchOS";
		};
		B95A465B1BFBF4CD0057225E /* PBXContainerItemProxy */ = {
			isa = PBXContainerItemProxy;
			containerPortal = B95A46481BFBF4CD0057225E /* ReactiveCocoa.xcodeproj */;
			proxyType = 2;
			remoteGlobalIDString = 57A4D2411BA13D7A00F7D4B1;
			remoteInfo = "ReactiveCocoa-tvOS";
		};
		B95A46651BFBF4D50057225E /* PBXContainerItemProxy */ = {
			isa = PBXContainerItemProxy;
			containerPortal = B95A465D1BFBF4D50057225E /* Locksmith.xcodeproj */;
			proxyType = 2;
			remoteGlobalIDString = 0EC25C591BA385AA004191AF;
			remoteInfo = "Locksmith iOS";
		};
		B95A46671BFBF4D50057225E /* PBXContainerItemProxy */ = {
			isa = PBXContainerItemProxy;
			containerPortal = B95A465D1BFBF4D50057225E /* Locksmith.xcodeproj */;
			proxyType = 2;
			remoteGlobalIDString = 0EC25C621BA385AB004191AF;
			remoteInfo = "Locksmith iOS Tests";
		};
		B95A46691BFBF4D50057225E /* PBXContainerItemProxy */ = {
			isa = PBXContainerItemProxy;
			containerPortal = B95A465D1BFBF4D50057225E /* Locksmith.xcodeproj */;
			proxyType = 2;
			remoteGlobalIDString = 0EC25C751BA385F6004191AF;
			remoteInfo = "Locksmith OS X";
		};
		B95A466B1BFBF4D50057225E /* PBXContainerItemProxy */ = {
			isa = PBXContainerItemProxy;
			containerPortal = B95A465D1BFBF4D50057225E /* Locksmith.xcodeproj */;
			proxyType = 2;
			remoteGlobalIDString = 0EC25C7E1BA385F6004191AF;
			remoteInfo = "Locksmith OS X Tests";
		};
		B95A466D1BFBF4D50057225E /* PBXContainerItemProxy */ = {
			isa = PBXContainerItemProxy;
			containerPortal = B95A465D1BFBF4D50057225E /* Locksmith.xcodeproj */;
			proxyType = 2;
			remoteGlobalIDString = 0EC25CA71BA39C9F004191AF;
			remoteInfo = "Locksmith watchOS";
		};
		B95A46711BFBF4F20057225E /* PBXContainerItemProxy */ = {
			isa = PBXContainerItemProxy;
			containerPortal = B95A46481BFBF4CD0057225E /* ReactiveCocoa.xcodeproj */;
			proxyType = 1;
			remoteGlobalIDString = D047260B19E49F82006002AA;
			remoteInfo = "ReactiveCocoa-iOS";
		};
		B95A46751BFBF52C0057225E /* PBXContainerItemProxy */ = {
			isa = PBXContainerItemProxy;
			containerPortal = B95A462D1BFBF4C20057225E /* Result.xcodeproj */;
			proxyType = 1;
			remoteGlobalIDString = D454807C1A957361009D7229;
			remoteInfo = "Result-iOS";
		};
		B95A46791BFBF5330057225E /* PBXContainerItemProxy */ = {
			isa = PBXContainerItemProxy;
			containerPortal = B95A460E1BFBF46C0057225E /* Alamofire.xcodeproj */;
			proxyType = 1;
			remoteGlobalIDString = F8111E3219A95C8B0040E7D1;
			remoteInfo = "Alamofire iOS";
		};
		B95A467D1BFBF5540057225E /* PBXContainerItemProxy */ = {
			isa = PBXContainerItemProxy;
			containerPortal = B95A465D1BFBF4D50057225E /* Locksmith.xcodeproj */;
			proxyType = 1;
			remoteGlobalIDString = 0EC25C581BA385AA004191AF;
			remoteInfo = "Locksmith iOS";
		};
		B99BA6DA1C0539A000C8C62C /* PBXContainerItemProxy */ = {
			isa = PBXContainerItemProxy;
			containerPortal = B99BA6BF1C0539A000C8C62C /* SWXMLHash.xcodeproj */;
			proxyType = 2;
			remoteGlobalIDString = CD6083EF196CA106000B4F8D;
			remoteInfo = "SWXMLHash iOS";
		};
		B99BA6DC1C0539A000C8C62C /* PBXContainerItemProxy */ = {
			isa = PBXContainerItemProxy;
			containerPortal = B99BA6BF1C0539A000C8C62C /* SWXMLHash.xcodeproj */;
			proxyType = 2;
			remoteGlobalIDString = CD6083FA196CA106000B4F8D;
			remoteInfo = "SWXMLHash iOS Tests";
		};
		B99BA6DE1C0539A000C8C62C /* PBXContainerItemProxy */ = {
			isa = PBXContainerItemProxy;
			containerPortal = B99BA6BF1C0539A000C8C62C /* SWXMLHash.xcodeproj */;
			proxyType = 2;
			remoteGlobalIDString = CD9D052C1A757D8B003CCB21;
			remoteInfo = "SWXMLHash OSX";
		};
		B99BA6E01C0539A000C8C62C /* PBXContainerItemProxy */ = {
			isa = PBXContainerItemProxy;
			containerPortal = B99BA6BF1C0539A000C8C62C /* SWXMLHash.xcodeproj */;
			proxyType = 2;
			remoteGlobalIDString = CD9D05361A757D8B003CCB21;
			remoteInfo = "SWXMLHash OSX Tests";
		};
		B99BA6E21C0539A000C8C62C /* PBXContainerItemProxy */ = {
			isa = PBXContainerItemProxy;
			containerPortal = B99BA6BF1C0539A000C8C62C /* SWXMLHash.xcodeproj */;
			proxyType = 2;
			remoteGlobalIDString = CDDEC74C1BF6311A00AB138B;
			remoteInfo = "SWXMLHash tvOS";
		};
		B99BA6E41C0539A000C8C62C /* PBXContainerItemProxy */ = {
			isa = PBXContainerItemProxy;
			containerPortal = B99BA6BF1C0539A000C8C62C /* SWXMLHash.xcodeproj */;
			proxyType = 2;
			remoteGlobalIDString = CDDEC7551BF6311B00AB138B;
			remoteInfo = "SWXMLHash tvOS Tests";
		};
		B99BA6E61C0539A000C8C62C /* PBXContainerItemProxy */ = {
			isa = PBXContainerItemProxy;
			containerPortal = B99BA6BF1C0539A000C8C62C /* SWXMLHash.xcodeproj */;
			proxyType = 2;
			remoteGlobalIDString = CDDEC7681BF6316C00AB138B;
			remoteInfo = "SWXMLHash watchOS";
		};
		B99BA6E81C0539D700C8C62C /* PBXContainerItemProxy */ = {
			isa = PBXContainerItemProxy;
			containerPortal = B99BA6BF1C0539A000C8C62C /* SWXMLHash.xcodeproj */;
			proxyType = 1;
			remoteGlobalIDString = CD6083EE196CA106000B4F8D;
			remoteInfo = "SWXMLHash iOS";
		};
		B9F61E8F1BED644D00D60722 /* PBXContainerItemProxy */ = {
			isa = PBXContainerItemProxy;
			containerPortal = B9F61E721BED644D00D60722 /* Project object */;
			proxyType = 1;
			remoteGlobalIDString = B9F61E791BED644D00D60722;
			remoteInfo = HomeControl;
		};
		B9F61E9A1BED644D00D60722 /* PBXContainerItemProxy */ = {
			isa = PBXContainerItemProxy;
			containerPortal = B9F61E721BED644D00D60722 /* Project object */;
			proxyType = 1;
			remoteGlobalIDString = B9F61E791BED644D00D60722;
			remoteInfo = HomeControl;
		};
		B9F960641C13A13F005670B9 /* PBXContainerItemProxy */ = {
			isa = PBXContainerItemProxy;
			containerPortal = B9F9604E1C13A13F005670B9 /* Quick.xcodeproj */;
			proxyType = 2;
			remoteGlobalIDString = DAEB6B8E1943873100289F44;
			remoteInfo = "Quick-OSX";
		};
		B9F960661C13A13F005670B9 /* PBXContainerItemProxy */ = {
			isa = PBXContainerItemProxy;
			containerPortal = B9F9604E1C13A13F005670B9 /* Quick.xcodeproj */;
			proxyType = 2;
			remoteGlobalIDString = DAEB6B991943873100289F44;
			remoteInfo = "Quick-OSXTests";
		};
		B9F960681C13A13F005670B9 /* PBXContainerItemProxy */ = {
			isa = PBXContainerItemProxy;
			containerPortal = B9F9604E1C13A13F005670B9 /* Quick.xcodeproj */;
			proxyType = 2;
			remoteGlobalIDString = DA5663E81A4C8D8500193C88;
			remoteInfo = "QuickFocused-OSXTests";
		};
		B9F9606A1C13A13F005670B9 /* PBXContainerItemProxy */ = {
			isa = PBXContainerItemProxy;
			containerPortal = B9F9604E1C13A13F005670B9 /* Quick.xcodeproj */;
			proxyType = 2;
			remoteGlobalIDString = 5A5D117C19473F2100F6D13D;
			remoteInfo = "Quick-iOS";
		};
		B9F9606C1C13A13F005670B9 /* PBXContainerItemProxy */ = {
			isa = PBXContainerItemProxy;
			containerPortal = B9F9604E1C13A13F005670B9 /* Quick.xcodeproj */;
			proxyType = 2;
			remoteGlobalIDString = 5A5D118619473F2100F6D13D;
			remoteInfo = "Quick-iOSTests";
		};
		B9F9606E1C13A13F005670B9 /* PBXContainerItemProxy */ = {
			isa = PBXContainerItemProxy;
			containerPortal = B9F9604E1C13A13F005670B9 /* Quick.xcodeproj */;
			proxyType = 2;
			remoteGlobalIDString = DA9876B21A4C70EB0004AA17;
			remoteInfo = "QuickFocused-iOSTests";
		};
		B9F960701C13A13F005670B9 /* PBXContainerItemProxy */ = {
			isa = PBXContainerItemProxy;
			containerPortal = B9F9604E1C13A13F005670B9 /* Quick.xcodeproj */;
			proxyType = 2;
			remoteGlobalIDString = 1F118CD51BDCA4AB005013A2;
			remoteInfo = "Quick-tvOS";
		};
		B9F960721C13A13F005670B9 /* PBXContainerItemProxy */ = {
			isa = PBXContainerItemProxy;
			containerPortal = B9F9604E1C13A13F005670B9 /* Quick.xcodeproj */;
			proxyType = 2;
			remoteGlobalIDString = 1F118CDE1BDCA4AB005013A2;
			remoteInfo = "Quick-tvOSTests";
		};
		B9F960741C13A13F005670B9 /* PBXContainerItemProxy */ = {
			isa = PBXContainerItemProxy;
			containerPortal = B9F9604E1C13A13F005670B9 /* Quick.xcodeproj */;
			proxyType = 2;
			remoteGlobalIDString = 1F118CF01BDCA4BB005013A2;
			remoteInfo = "QuickFocused-tvOSTests";
		};
		B9F960911C13A14B005670B9 /* PBXContainerItemProxy */ = {
			isa = PBXContainerItemProxy;
			containerPortal = B9F960881C13A14B005670B9 /* Nimble.xcodeproj */;
			proxyType = 2;
			remoteGlobalIDString = 1F1A74291940169200FFFC47;
			remoteInfo = "Nimble-iOS";
		};
		B9F960931C13A14B005670B9 /* PBXContainerItemProxy */ = {
			isa = PBXContainerItemProxy;
			containerPortal = B9F960881C13A14B005670B9 /* Nimble.xcodeproj */;
			proxyType = 2;
			remoteGlobalIDString = 1F1A74341940169200FFFC47;
			remoteInfo = "Nimble-iOSTests";
		};
		B9F960951C13A14B005670B9 /* PBXContainerItemProxy */ = {
			isa = PBXContainerItemProxy;
			containerPortal = B9F960881C13A14B005670B9 /* Nimble.xcodeproj */;
			proxyType = 2;
			remoteGlobalIDString = 1F925EAD195C0D6300ED456B;
			remoteInfo = "Nimble-OSX";
		};
		B9F960971C13A14B005670B9 /* PBXContainerItemProxy */ = {
			isa = PBXContainerItemProxy;
			containerPortal = B9F960881C13A14B005670B9 /* Nimble.xcodeproj */;
			proxyType = 2;
			remoteGlobalIDString = 1F925EB7195C0D6300ED456B;
			remoteInfo = "Nimble-OSXTests";
		};
		B9F960991C13A14B005670B9 /* PBXContainerItemProxy */ = {
			isa = PBXContainerItemProxy;
			containerPortal = B9F960881C13A14B005670B9 /* Nimble.xcodeproj */;
			proxyType = 2;
			remoteGlobalIDString = 1F5DF1551BDCA0CE00C3A531;
			remoteInfo = "Nimble-tvOS";
		};
		B9F9609B1C13A14B005670B9 /* PBXContainerItemProxy */ = {
			isa = PBXContainerItemProxy;
			containerPortal = B9F960881C13A14B005670B9 /* Nimble.xcodeproj */;
			proxyType = 2;
			remoteGlobalIDString = 1F5DF15E1BDCA0CE00C3A531;
			remoteInfo = "Nimble-tvOSTests";
		};
		B9F9609D1C13A157005670B9 /* PBXContainerItemProxy */ = {
			isa = PBXContainerItemProxy;
			containerPortal = B9F9604E1C13A13F005670B9 /* Quick.xcodeproj */;
			proxyType = 1;
			remoteGlobalIDString = 5A5D117B19473F2100F6D13D;
			remoteInfo = "Quick-iOS";
		};
		B9F9609F1C13A15A005670B9 /* PBXContainerItemProxy */ = {
			isa = PBXContainerItemProxy;
			containerPortal = B9F960881C13A14B005670B9 /* Nimble.xcodeproj */;
			proxyType = 1;
			remoteGlobalIDString = 1F1A74281940169200FFFC47;
			remoteInfo = "Nimble-iOS";
		};
		B9F960A31C13A1A8005670B9 /* PBXContainerItemProxy */ = {
			isa = PBXContainerItemProxy;
			containerPortal = B9F9604E1C13A13F005670B9 /* Quick.xcodeproj */;
			proxyType = 1;
			remoteGlobalIDString = 5A5D117B19473F2100F6D13D;
			remoteInfo = "Quick-iOS";
		};
		B9F960A51C13A1AF005670B9 /* PBXContainerItemProxy */ = {
			isa = PBXContainerItemProxy;
			containerPortal = B9F960881C13A14B005670B9 /* Nimble.xcodeproj */;
			proxyType = 1;
			remoteGlobalIDString = 1F1A74281940169200FFFC47;
			remoteInfo = "Nimble-iOS";
		};
/* End PBXContainerItemProxy section */

/* Begin PBXCopyFilesBuildPhase section */
		B95A462C1BFBF4A30057225E /* Embed Frameworks */ = {
			isa = PBXCopyFilesBuildPhase;
			buildActionMask = 2147483647;
			dstPath = "";
			dstSubfolderSpec = 10;
			files = (
				B99BA6F41C053A7900C8C62C /* SWXMLHash.framework in Embed Frameworks */,
				B95A46701BFBF4F20057225E /* ReactiveCocoa.framework in Embed Frameworks */,
				B95A467C1BFBF5540057225E /* Locksmith.framework in Embed Frameworks */,
				B95A46781BFBF5330057225E /* Alamofire.framework in Embed Frameworks */,
				B95A46741BFBF52C0057225E /* Result.framework in Embed Frameworks */,
			);
			name = "Embed Frameworks";
			runOnlyForDeploymentPostprocessing = 0;
		};
/* End PBXCopyFilesBuildPhase section */

/* Begin PBXFileReference section */
		B909816D1BF56D9200B822A8 /* Common.xcconfig */ = {isa = PBXFileReference; lastKnownFileType = text.xcconfig; path = Common.xcconfig; sourceTree = "<group>"; };
		B909816F1BF56D9200B822A8 /* Debug.xcconfig */ = {isa = PBXFileReference; lastKnownFileType = text.xcconfig; path = Debug.xcconfig; sourceTree = "<group>"; };
		B90981711BF56D9200B822A8 /* Release.xcconfig */ = {isa = PBXFileReference; lastKnownFileType = text.xcconfig; path = Release.xcconfig; sourceTree = "<group>"; };
		B90981741BF56D9200B822A8 /* Application.xcconfig */ = {isa = PBXFileReference; lastKnownFileType = text.xcconfig; path = Application.xcconfig; sourceTree = "<group>"; };
		B909818F1BF56D9200B822A8 /* iOS-Application.xcconfig */ = {isa = PBXFileReference; lastKnownFileType = text.xcconfig; path = "iOS-Application.xcconfig"; sourceTree = "<group>"; };
		B90981901BF56D9200B822A8 /* iOS-Base.xcconfig */ = {isa = PBXFileReference; lastKnownFileType = text.xcconfig; path = "iOS-Base.xcconfig"; sourceTree = "<group>"; };
		B91ED9711BFA9C5B0070EB8E /* Box.swift */ = {isa = PBXFileReference; fileEncoding = 4; lastKnownFileType = sourcecode.swift; path = Box.swift; sourceTree = "<group>"; };
		B91ED9731BFAA1EE0070EB8E /* Theme.swift */ = {isa = PBXFileReference; fileEncoding = 4; lastKnownFileType = sourcecode.swift; path = Theme.swift; sourceTree = "<group>"; };
		B9220F871C0A98050095A206 /* Room.swift */ = {isa = PBXFileReference; fileEncoding = 4; lastKnownFileType = sourcecode.swift; path = Room.swift; sourceTree = "<group>"; };
		B9220F891C0A98BF0095A206 /* Light.swift */ = {isa = PBXFileReference; fileEncoding = 4; lastKnownFileType = sourcecode.swift; path = Light.swift; sourceTree = "<group>"; };
		B9220F8B1C0A9A8C0095A206 /* Blind.swift */ = {isa = PBXFileReference; fileEncoding = 4; lastKnownFileType = sourcecode.swift; path = Blind.swift; sourceTree = "<group>"; };
		B9220F8D1C0A9B300095A206 /* Consumer.swift */ = {isa = PBXFileReference; fileEncoding = 4; lastKnownFileType = sourcecode.swift; path = Consumer.swift; sourceTree = "<group>"; };
		B92F3E671C012F2000B3CD32 /* SetupViewModel.swift */ = {isa = PBXFileReference; fileEncoding = 4; lastKnownFileType = sourcecode.swift; path = SetupViewModel.swift; sourceTree = "<group>"; };
		B93C2C221C0D2657003340EE /* AuthenticationData.swift */ = {isa = PBXFileReference; fileEncoding = 4; lastKnownFileType = sourcecode.swift; path = AuthenticationData.swift; sourceTree = "<group>"; };
		B94E25741C067C7600B52062 /* NetworkManager.swift */ = {isa = PBXFileReference; fileEncoding = 4; lastKnownFileType = sourcecode.swift; path = NetworkManager.swift; sourceTree = "<group>"; };
		B95A460E1BFBF46C0057225E /* Alamofire.xcodeproj */ = {isa = PBXFileReference; lastKnownFileType = "wrapper.pb-project"; name = Alamofire.xcodeproj; path = Carthage/Checkouts/Alamofire/Alamofire.xcodeproj; sourceTree = "<group>"; };
		B95A462D1BFBF4C20057225E /* Result.xcodeproj */ = {isa = PBXFileReference; lastKnownFileType = "wrapper.pb-project"; name = Result.xcodeproj; path = Carthage/Checkouts/Result/Result.xcodeproj; sourceTree = "<group>"; };
		B95A46481BFBF4CD0057225E /* ReactiveCocoa.xcodeproj */ = {isa = PBXFileReference; lastKnownFileType = "wrapper.pb-project"; name = ReactiveCocoa.xcodeproj; path = Carthage/Checkouts/ReactiveCocoa/ReactiveCocoa.xcodeproj; sourceTree = "<group>"; };
		B95A465D1BFBF4D50057225E /* Locksmith.xcodeproj */ = {isa = PBXFileReference; lastKnownFileType = "wrapper.pb-project"; name = Locksmith.xcodeproj; path = Carthage/Checkouts/Locksmith/Locksmith.xcodeproj; sourceTree = "<group>"; };
		B95E46F21BEEB4AE00481E51 /* SetupController.swift */ = {isa = PBXFileReference; fileEncoding = 4; lastKnownFileType = sourcecode.swift; path = SetupController.swift; sourceTree = "<group>"; };
		B984D1261BFFF98A0081158E /* ColorName.swift */ = {isa = PBXFileReference; fileEncoding = 4; lastKnownFileType = sourcecode.swift; path = ColorName.swift; sourceTree = "<group>"; };
		B985B5A61BF986EC003C715B /* ThemeManager.swift */ = {isa = PBXFileReference; fileEncoding = 4; lastKnownFileType = sourcecode.swift; path = ThemeManager.swift; sourceTree = "<group>"; };
		B99594621C0279D1007EE098 /* UITextField+RAC.swift */ = {isa = PBXFileReference; fileEncoding = 4; lastKnownFileType = sourcecode.swift; path = "UITextField+RAC.swift"; sourceTree = "<group>"; };
		B99BA6BF1C0539A000C8C62C /* SWXMLHash.xcodeproj */ = {isa = PBXFileReference; lastKnownFileType = "wrapper.pb-project"; name = SWXMLHash.xcodeproj; path = Carthage/Checkouts/SWXMLHash/SWXMLHash.xcodeproj; sourceTree = "<group>"; };
		B9C76A341C0927CC00B25DAC /* NetworkError.swift */ = {isa = PBXFileReference; fileEncoding = 4; lastKnownFileType = sourcecode.swift; path = NetworkError.swift; sourceTree = "<group>"; };
		B9EE8F001C1CDAEB001CB8F1 /* StoreSpec.swift */ = {isa = PBXFileReference; fileEncoding = 4; lastKnownFileType = sourcecode.swift; name = StoreSpec.swift; path = HomeControlTests/Source/StoreSpec.swift; sourceTree = "<group>"; };
		B9EE8F2B1C1CDCA5001CB8F1 /* StructureFiles */ = {isa = PBXFileReference; lastKnownFileType = folder; path = StructureFiles; sourceTree = "<group>"; };
		B9F10AFD1BF7FFB400AB23D9 /* UIColor+Name.swift */ = {isa = PBXFileReference; fileEncoding = 4; lastKnownFileType = sourcecode.swift; path = "UIColor+Name.swift"; sourceTree = "<group>"; };
		B9F10AFF1BF8004200AB23D9 /* UIImage+Asset.swift */ = {isa = PBXFileReference; fileEncoding = 4; lastKnownFileType = sourcecode.swift; path = "UIImage+Asset.swift"; sourceTree = "<group>"; };
		B9F61E7A1BED644D00D60722 /* HomeControl.app */ = {isa = PBXFileReference; explicitFileType = wrapper.application; includeInIndex = 0; path = HomeControl.app; sourceTree = BUILT_PRODUCTS_DIR; };
		B9F61E8E1BED644D00D60722 /* HomeControlTests.xctest */ = {isa = PBXFileReference; explicitFileType = wrapper.cfbundle; includeInIndex = 0; path = HomeControlTests.xctest; sourceTree = BUILT_PRODUCTS_DIR; };
		B9F61E991BED644D00D60722 /* HomeControlUITests.xctest */ = {isa = PBXFileReference; explicitFileType = wrapper.cfbundle; includeInIndex = 0; path = HomeControlUITests.xctest; sourceTree = BUILT_PRODUCTS_DIR; };
		B9F61EAD1BED651900D60722 /* Assets.xcassets */ = {isa = PBXFileReference; lastKnownFileType = folder.assetcatalog; path = Assets.xcassets; sourceTree = "<group>"; };
		B9F61EAF1BED651900D60722 /* Base */ = {isa = PBXFileReference; lastKnownFileType = file.storyboard; name = Base; path = Base.lproj/LaunchScreen.storyboard; sourceTree = "<group>"; };
		B9F61EB01BED651900D60722 /* Info.plist */ = {isa = PBXFileReference; fileEncoding = 4; lastKnownFileType = text.plist.xml; path = Info.plist; sourceTree = "<group>"; };
		B9F61EB21BED651900D60722 /* AppDelegate.swift */ = {isa = PBXFileReference; fileEncoding = 4; lastKnownFileType = sourcecode.swift; path = AppDelegate.swift; sourceTree = "<group>"; };
		B9F61EB91BED652500D60722 /* Info.plist */ = {isa = PBXFileReference; fileEncoding = 4; lastKnownFileType = text.plist.xml; path = Info.plist; sourceTree = "<group>"; };
		B9F61EBD1BED652E00D60722 /* Info.plist */ = {isa = PBXFileReference; fileEncoding = 4; lastKnownFileType = text.plist.xml; path = Info.plist; sourceTree = "<group>"; };
		B9F9604E1C13A13F005670B9 /* Quick.xcodeproj */ = {isa = PBXFileReference; lastKnownFileType = "wrapper.pb-project"; name = Quick.xcodeproj; path = Carthage/Checkouts/Quick/Quick.xcodeproj; sourceTree = "<group>"; };
		B9F960881C13A14B005670B9 /* Nimble.xcodeproj */ = {isa = PBXFileReference; lastKnownFileType = "wrapper.pb-project"; name = Nimble.xcodeproj; path = Carthage/Checkouts/Nimble/Nimble.xcodeproj; sourceTree = "<group>"; };
		B9F960A91C13A23E005670B9 /* NetworkManagerSpec.swift */ = {isa = PBXFileReference; fileEncoding = 4; lastKnownFileType = sourcecode.swift; name = NetworkManagerSpec.swift; path = HomeControlTests/Source/NetworkManagerSpec.swift; sourceTree = "<group>"; };
		B9FC15581C0BBFE800FEF734 /* Store.swift */ = {isa = PBXFileReference; fileEncoding = 4; lastKnownFileType = sourcecode.swift; path = Store.swift; sourceTree = "<group>"; };
/* End PBXFileReference section */

/* Begin PBXFrameworksBuildPhase section */
		B9F61E771BED644D00D60722 /* Frameworks */ = {
			isa = PBXFrameworksBuildPhase;
			buildActionMask = 2147483647;
			files = (
				B95A466F1BFBF4F20057225E /* ReactiveCocoa.framework in Frameworks */,
				B95A46731BFBF52C0057225E /* Result.framework in Frameworks */,
				B95A46771BFBF5330057225E /* Alamofire.framework in Frameworks */,
				B99BA6F01C053A2900C8C62C /* SWXMLHash.framework in Frameworks */,
				B95A467B1BFBF5540057225E /* Locksmith.framework in Frameworks */,
			);
			runOnlyForDeploymentPostprocessing = 0;
		};
		B9F61E8B1BED644D00D60722 /* Frameworks */ = {
			isa = PBXFrameworksBuildPhase;
			buildActionMask = 2147483647;
			files = (
				B9F960A21C13A16B005670B9 /* Nimble.framework in Frameworks */,
				B9F960A11C13A165005670B9 /* Quick.framework in Frameworks */,
			);
			runOnlyForDeploymentPostprocessing = 0;
		};
		B9F61E961BED644D00D60722 /* Frameworks */ = {
			isa = PBXFrameworksBuildPhase;
			buildActionMask = 2147483647;
			files = (
				B9F960A81C13A1C4005670B9 /* Nimble.framework in Frameworks */,
				B9F960A71C13A1BD005670B9 /* Quick.framework in Frameworks */,
			);
			runOnlyForDeploymentPostprocessing = 0;
		};
/* End PBXFrameworksBuildPhase section */

/* Begin PBXGroup section */
		B909816A1BF56D9200B822A8 /* Configurations */ = {
			isa = PBXGroup;
			children = (
				B909816C1BF56D9200B822A8 /* Base */,
				B909818E1BF56D9200B822A8 /* iOS */,
			);
			name = Configurations;
			path = Carthage/Checkouts/xcconfigs;
			sourceTree = "<group>";
		};
		B909816C1BF56D9200B822A8 /* Base */ = {
			isa = PBXGroup;
			children = (
				B909816D1BF56D9200B822A8 /* Common.xcconfig */,
				B909816E1BF56D9200B822A8 /* Configurations */,
				B90981731BF56D9200B822A8 /* Targets */,
			);
			path = Base;
			sourceTree = "<group>";
		};
		B909816E1BF56D9200B822A8 /* Configurations */ = {
			isa = PBXGroup;
			children = (
				B909816F1BF56D9200B822A8 /* Debug.xcconfig */,
				B90981711BF56D9200B822A8 /* Release.xcconfig */,
			);
			path = Configurations;
			sourceTree = "<group>";
		};
		B90981731BF56D9200B822A8 /* Targets */ = {
			isa = PBXGroup;
			children = (
				B90981741BF56D9200B822A8 /* Application.xcconfig */,
			);
			path = Targets;
			sourceTree = "<group>";
		};
		B909818E1BF56D9200B822A8 /* iOS */ = {
			isa = PBXGroup;
			children = (
				B909818F1BF56D9200B822A8 /* iOS-Application.xcconfig */,
				B90981901BF56D9200B822A8 /* iOS-Base.xcconfig */,
			);
			path = iOS;
			sourceTree = "<group>";
		};
		B95A460F1BFBF46C0057225E /* Products */ = {
			isa = PBXGroup;
			children = (
				B95A46191BFBF46C0057225E /* Alamofire.framework */,
				B95A461B1BFBF46C0057225E /* Alamofire iOS Tests.xctest */,
				B95A461D1BFBF46C0057225E /* Alamofire.framework */,
				B95A461F1BFBF46C0057225E /* Alamofire OSX Tests.xctest */,
				B95A46211BFBF46C0057225E /* Alamofire.framework */,
				B95A46231BFBF46C0057225E /* Alamofire tvOS Tests.xctest */,
				B95A46251BFBF46C0057225E /* Alamofire.framework */,
			);
			name = Products;
			sourceTree = "<group>";
		};
		B95A462E1BFBF4C20057225E /* Products */ = {
			isa = PBXGroup;
			children = (
				B95A46391BFBF4C20057225E /* Result.framework */,
				B95A463B1BFBF4C20057225E /* Result-MacTests.xctest */,
				B95A463D1BFBF4C20057225E /* Result.framework */,
				B95A463F1BFBF4C20057225E /* Result-iOSTests.xctest */,
				B95A46411BFBF4C20057225E /* Result.framework */,
				B95A46431BFBF4C20057225E /* Result-tvOSTests.xctest */,
				B95A46451BFBF4C20057225E /* Result.framework */,
				B95A46471BFBF4C20057225E /* Result-watchOSTests.xctest */,
			);
			name = Products;
			sourceTree = "<group>";
		};
		B95A46491BFBF4CD0057225E /* Products */ = {
			isa = PBXGroup;
			children = (
				B95A46521BFBF4CD0057225E /* ReactiveCocoa.framework */,
				B95A46541BFBF4CD0057225E /* ReactiveCocoaTests.xctest */,
				B95A46561BFBF4CD0057225E /* ReactiveCocoa.framework */,
				B95A46581BFBF4CD0057225E /* ReactiveCocoaTests.xctest */,
				B95A465A1BFBF4CD0057225E /* ReactiveCocoa.framework */,
				B95A465C1BFBF4CD0057225E /* ReactiveCocoa.framework */,
			);
			name = Products;
			sourceTree = "<group>";
		};
		B95A465E1BFBF4D50057225E /* Products */ = {
			isa = PBXGroup;
			children = (
				B95A46661BFBF4D50057225E /* Locksmith.framework */,
				B95A46681BFBF4D50057225E /* Locksmith iOS Tests.xctest */,
				B95A466A1BFBF4D50057225E /* Locksmith.framework */,
				B95A466C1BFBF4D50057225E /* Locksmith OS X Tests.xctest */,
				B95A466E1BFBF4D50057225E /* Locksmith.framework */,
			);
			name = Products;
			sourceTree = "<group>";
		};
		B99BA6C01C0539A000C8C62C /* Products */ = {
			isa = PBXGroup;
			children = (
				B99BA6DB1C0539A000C8C62C /* SWXMLHash.framework */,
				B99BA6DD1C0539A000C8C62C /* SWXMLHash iOS Tests.xctest */,
				B99BA6DF1C0539A000C8C62C /* SWXMLHash.framework */,
				B99BA6E11C0539A000C8C62C /* SWXMLHash OSX Tests.xctest */,
				B99BA6E31C0539A000C8C62C /* SWXMLHash.framework */,
				B99BA6E51C0539A000C8C62C /* SWXMLHash tvOS Tests.xctest */,
				B99BA6E71C0539A000C8C62C /* SWXMLHash.framework */,
			);
			name = Products;
			sourceTree = "<group>";
		};
		B9F61E711BED644D00D60722 = {
			isa = PBXGroup;
			children = (
				B9F61EAB1BED651900D60722 /* HomeControl */,
				B9F61EB71BED652500D60722 /* HomeControlTests */,
				B9F61EBB1BED652E00D60722 /* HomeControlUITests */,
				B909816A1BF56D9200B822A8 /* Configurations */,
				B9F61E7B1BED644D00D60722 /* Products */,
				B95A46481BFBF4CD0057225E /* ReactiveCocoa.xcodeproj */,
				B95A462D1BFBF4C20057225E /* Result.xcodeproj */,
				B95A460E1BFBF46C0057225E /* Alamofire.xcodeproj */,
				B99BA6BF1C0539A000C8C62C /* SWXMLHash.xcodeproj */,
				B95A465D1BFBF4D50057225E /* Locksmith.xcodeproj */,
				B9F9604E1C13A13F005670B9 /* Quick.xcodeproj */,
				B9F960881C13A14B005670B9 /* Nimble.xcodeproj */,
			);
			sourceTree = "<group>";
		};
		B9F61E7B1BED644D00D60722 /* Products */ = {
			isa = PBXGroup;
			children = (
				B9F61E7A1BED644D00D60722 /* HomeControl.app */,
				B9F61E8E1BED644D00D60722 /* HomeControlTests.xctest */,
				B9F61E991BED644D00D60722 /* HomeControlUITests.xctest */,
			);
			name = Products;
			sourceTree = "<group>";
		};
		B9F61EAB1BED651900D60722 /* HomeControl */ = {
			isa = PBXGroup;
			children = (
				B9F61EB11BED651900D60722 /* Source */,
				B9F61EAC1BED651900D60722 /* Resources */,
			);
			path = HomeControl;
			sourceTree = "<group>";
		};
		B9F61EAC1BED651900D60722 /* Resources */ = {
			isa = PBXGroup;
			children = (
				B9F61EAD1BED651900D60722 /* Assets.xcassets */,
				B9F61EAE1BED651900D60722 /* LaunchScreen.storyboard */,
				B9F61EB01BED651900D60722 /* Info.plist */,
			);
			path = Resources;
			sourceTree = "<group>";
		};
		B9F61EB11BED651900D60722 /* Source */ = {
			isa = PBXGroup;
			children = (
				B9F61EB21BED651900D60722 /* AppDelegate.swift */,
				B95E46F21BEEB4AE00481E51 /* SetupController.swift */,
				B92F3E671C012F2000B3CD32 /* SetupViewModel.swift */,
				B9FC15581C0BBFE800FEF734 /* Store.swift */,
				B9C76A341C0927CC00B25DAC /* NetworkError.swift */,
				B94E25741C067C7600B52062 /* NetworkManager.swift */,
				B93C2C221C0D2657003340EE /* AuthenticationData.swift */,
				B9220F871C0A98050095A206 /* Room.swift */,
				B9220F891C0A98BF0095A206 /* Light.swift */,
				B9220F8B1C0A9A8C0095A206 /* Blind.swift */,
				B9220F8D1C0A9B300095A206 /* Consumer.swift */,
				B985B5A61BF986EC003C715B /* ThemeManager.swift */,
				B91ED9731BFAA1EE0070EB8E /* Theme.swift */,
				B91ED9711BFA9C5B0070EB8E /* Box.swift */,
				B984D1261BFFF98A0081158E /* ColorName.swift */,
				B9F10AFD1BF7FFB400AB23D9 /* UIColor+Name.swift */,
				B9F10AFF1BF8004200AB23D9 /* UIImage+Asset.swift */,
				B99594621C0279D1007EE098 /* UITextField+RAC.swift */,
			);
			path = Source;
			sourceTree = "<group>";
		};
		B9F61EB71BED652500D60722 /* HomeControlTests */ = {
			isa = PBXGroup;
			children = (
				B9F960AB1C13A253005670B9 /* Source */,
				B9F61EB81BED652500D60722 /* Resources */,
			);
			path = HomeControlTests;
			sourceTree = "<group>";
		};
		B9F61EB81BED652500D60722 /* Resources */ = {
			isa = PBXGroup;
			children = (
				B9F61EB91BED652500D60722 /* Info.plist */,
				B9EE8F2B1C1CDCA5001CB8F1 /* StructureFiles */,
			);
			path = Resources;
			sourceTree = "<group>";
		};
		B9F61EBB1BED652E00D60722 /* HomeControlUITests */ = {
			isa = PBXGroup;
			children = (
				B9F61EBC1BED652E00D60722 /* Resources */,
			);
			path = HomeControlUITests;
			sourceTree = "<group>";
		};
		B9F61EBC1BED652E00D60722 /* Resources */ = {
			isa = PBXGroup;
			children = (
				B9F61EBD1BED652E00D60722 /* Info.plist */,
			);
			path = Resources;
			sourceTree = "<group>";
		};
		B9F9604F1C13A13F005670B9 /* Products */ = {
			isa = PBXGroup;
			children = (
				B9F960651C13A13F005670B9 /* Quick.framework */,
				B9F960671C13A13F005670B9 /* Quick-OSXTests.xctest */,
				B9F960691C13A13F005670B9 /* QuickFocused-OSXTests.xctest */,
				B9F9606B1C13A13F005670B9 /* Quick.framework */,
				B9F9606D1C13A13F005670B9 /* Quick-iOSTests.xctest */,
				B9F9606F1C13A13F005670B9 /* QuickFocused-iOSTests.xctest */,
				B9F960711C13A13F005670B9 /* Quick.framework */,
				B9F960731C13A13F005670B9 /* Quick-tvOSTests.xctest */,
				B9F960751C13A13F005670B9 /* QuickFocused-tvOSTests.xctest */,
			);
			name = Products;
			sourceTree = "<group>";
		};
		B9F960891C13A14B005670B9 /* Products */ = {
			isa = PBXGroup;
			children = (
				B9F960921C13A14B005670B9 /* Nimble.framework */,
				B9F960941C13A14B005670B9 /* NimbleTests.xctest */,
				B9F960961C13A14B005670B9 /* Nimble.framework */,
				B9F960981C13A14B005670B9 /* NimbleTests.xctest */,
				B9F9609A1C13A14B005670B9 /* Nimble.framework */,
				B9F9609C1C13A14B005670B9 /* NimbleTests.xctest */,
			);
			name = Products;
			sourceTree = "<group>";
		};
		B9F960AB1C13A253005670B9 /* Source */ = {
			isa = PBXGroup;
			children = (
				B9EE8F001C1CDAEB001CB8F1 /* StoreSpec.swift */,
				B9F960A91C13A23E005670B9 /* NetworkManagerSpec.swift */,
			);
			name = Source;
			path = ..;
			sourceTree = "<group>";
		};
/* End PBXGroup section */

/* Begin PBXNativeTarget section */
		B9F61E791BED644D00D60722 /* HomeControl */ = {
			isa = PBXNativeTarget;
			buildConfigurationList = B9F61EA21BED644D00D60722 /* Build configuration list for PBXNativeTarget "HomeControl" */;
			buildPhases = (
				B9F61E761BED644D00D60722 /* Sources */,
				B9F61E771BED644D00D60722 /* Frameworks */,
				B9F61E781BED644D00D60722 /* Resources */,
				B95A462C1BFBF4A30057225E /* Embed Frameworks */,
			);
			buildRules = (
			);
			dependencies = (
				B95A46721BFBF4F20057225E /* PBXTargetDependency */,
				B95A46761BFBF52C0057225E /* PBXTargetDependency */,
				B95A467A1BFBF5330057225E /* PBXTargetDependency */,
				B99BA6E91C0539D700C8C62C /* PBXTargetDependency */,
				B95A467E1BFBF5540057225E /* PBXTargetDependency */,
			);
			name = HomeControl;
			productName = HomeControl;
			productReference = B9F61E7A1BED644D00D60722 /* HomeControl.app */;
			productType = "com.apple.product-type.application";
		};
		B9F61E8D1BED644D00D60722 /* HomeControlTests */ = {
			isa = PBXNativeTarget;
			buildConfigurationList = B9F61EA51BED644D00D60722 /* Build configuration list for PBXNativeTarget "HomeControlTests" */;
			buildPhases = (
				B9F61E8A1BED644D00D60722 /* Sources */,
				B9F61E8B1BED644D00D60722 /* Frameworks */,
				B9F61E8C1BED644D00D60722 /* Resources */,
			);
			buildRules = (
			);
			dependencies = (
				B9F61E901BED644D00D60722 /* PBXTargetDependency */,
				B9F9609E1C13A157005670B9 /* PBXTargetDependency */,
				B9F960A01C13A15A005670B9 /* PBXTargetDependency */,
			);
			name = HomeControlTests;
			productName = HomeControlTests;
			productReference = B9F61E8E1BED644D00D60722 /* HomeControlTests.xctest */;
			productType = "com.apple.product-type.bundle.unit-test";
		};
		B9F61E981BED644D00D60722 /* HomeControlUITests */ = {
			isa = PBXNativeTarget;
			buildConfigurationList = B9F61EA81BED644D00D60722 /* Build configuration list for PBXNativeTarget "HomeControlUITests" */;
			buildPhases = (
				B9F61E951BED644D00D60722 /* Sources */,
				B9F61E961BED644D00D60722 /* Frameworks */,
				B9F61E971BED644D00D60722 /* Resources */,
			);
			buildRules = (
			);
			dependencies = (
				B9F61E9B1BED644D00D60722 /* PBXTargetDependency */,
				B9F960A41C13A1A8005670B9 /* PBXTargetDependency */,
				B9F960A61C13A1AF005670B9 /* PBXTargetDependency */,
			);
			name = HomeControlUITests;
			productName = HomeControlUITests;
			productReference = B9F61E991BED644D00D60722 /* HomeControlUITests.xctest */;
			productType = "com.apple.product-type.bundle.ui-testing";
		};
/* End PBXNativeTarget section */

/* Begin PBXProject section */
		B9F61E721BED644D00D60722 /* Project object */ = {
			isa = PBXProject;
			attributes = {
				LastSwiftUpdateCheck = 0710;
				LastUpgradeCheck = 0710;
				ORGANIZATIONNAME = "Julian Grosshauser";
				TargetAttributes = {
					B9F61E791BED644D00D60722 = {
						CreatedOnToolsVersion = 7.1;
					};
					B9F61E8D1BED644D00D60722 = {
						CreatedOnToolsVersion = 7.1;
						TestTargetID = B9F61E791BED644D00D60722;
					};
					B9F61E981BED644D00D60722 = {
						CreatedOnToolsVersion = 7.1;
						TestTargetID = B9F61E791BED644D00D60722;
					};
				};
			};
			buildConfigurationList = B9F61E751BED644D00D60722 /* Build configuration list for PBXProject "HomeControl" */;
			compatibilityVersion = "Xcode 3.2";
			developmentRegion = English;
			hasScannedForEncodings = 0;
			knownRegions = (
				en,
				Base,
			);
			mainGroup = B9F61E711BED644D00D60722;
			productRefGroup = B9F61E7B1BED644D00D60722 /* Products */;
			projectDirPath = "";
			projectReferences = (
				{
					ProductGroup = B95A460F1BFBF46C0057225E /* Products */;
					ProjectRef = B95A460E1BFBF46C0057225E /* Alamofire.xcodeproj */;
				},
				{
					ProductGroup = B95A465E1BFBF4D50057225E /* Products */;
					ProjectRef = B95A465D1BFBF4D50057225E /* Locksmith.xcodeproj */;
				},
				{
					ProductGroup = B9F960891C13A14B005670B9 /* Products */;
					ProjectRef = B9F960881C13A14B005670B9 /* Nimble.xcodeproj */;
				},
				{
					ProductGroup = B9F9604F1C13A13F005670B9 /* Products */;
					ProjectRef = B9F9604E1C13A13F005670B9 /* Quick.xcodeproj */;
				},
				{
					ProductGroup = B95A46491BFBF4CD0057225E /* Products */;
					ProjectRef = B95A46481BFBF4CD0057225E /* ReactiveCocoa.xcodeproj */;
				},
				{
					ProductGroup = B95A462E1BFBF4C20057225E /* Products */;
					ProjectRef = B95A462D1BFBF4C20057225E /* Result.xcodeproj */;
				},
				{
					ProductGroup = B99BA6C01C0539A000C8C62C /* Products */;
					ProjectRef = B99BA6BF1C0539A000C8C62C /* SWXMLHash.xcodeproj */;
				},
			);
			projectRoot = "";
			targets = (
				B9F61E791BED644D00D60722 /* HomeControl */,
				B9F61E8D1BED644D00D60722 /* HomeControlTests */,
				B9F61E981BED644D00D60722 /* HomeControlUITests */,
			);
		};
/* End PBXProject section */

/* Begin PBXReferenceProxy section */
		B95A46191BFBF46C0057225E /* Alamofire.framework */ = {
			isa = PBXReferenceProxy;
			fileType = wrapper.framework;
			path = Alamofire.framework;
			remoteRef = B95A46181BFBF46C0057225E /* PBXContainerItemProxy */;
			sourceTree = BUILT_PRODUCTS_DIR;
		};
		B95A461B1BFBF46C0057225E /* Alamofire iOS Tests.xctest */ = {
			isa = PBXReferenceProxy;
			fileType = wrapper.cfbundle;
			path = "Alamofire iOS Tests.xctest";
			remoteRef = B95A461A1BFBF46C0057225E /* PBXContainerItemProxy */;
			sourceTree = BUILT_PRODUCTS_DIR;
		};
		B95A461D1BFBF46C0057225E /* Alamofire.framework */ = {
			isa = PBXReferenceProxy;
			fileType = wrapper.framework;
			path = Alamofire.framework;
			remoteRef = B95A461C1BFBF46C0057225E /* PBXContainerItemProxy */;
			sourceTree = BUILT_PRODUCTS_DIR;
		};
		B95A461F1BFBF46C0057225E /* Alamofire OSX Tests.xctest */ = {
			isa = PBXReferenceProxy;
			fileType = wrapper.cfbundle;
			path = "Alamofire OSX Tests.xctest";
			remoteRef = B95A461E1BFBF46C0057225E /* PBXContainerItemProxy */;
			sourceTree = BUILT_PRODUCTS_DIR;
		};
		B95A46211BFBF46C0057225E /* Alamofire.framework */ = {
			isa = PBXReferenceProxy;
			fileType = wrapper.framework;
			path = Alamofire.framework;
			remoteRef = B95A46201BFBF46C0057225E /* PBXContainerItemProxy */;
			sourceTree = BUILT_PRODUCTS_DIR;
		};
		B95A46231BFBF46C0057225E /* Alamofire tvOS Tests.xctest */ = {
			isa = PBXReferenceProxy;
			fileType = wrapper.cfbundle;
			path = "Alamofire tvOS Tests.xctest";
			remoteRef = B95A46221BFBF46C0057225E /* PBXContainerItemProxy */;
			sourceTree = BUILT_PRODUCTS_DIR;
		};
		B95A46251BFBF46C0057225E /* Alamofire.framework */ = {
			isa = PBXReferenceProxy;
			fileType = wrapper.framework;
			path = Alamofire.framework;
			remoteRef = B95A46241BFBF46C0057225E /* PBXContainerItemProxy */;
			sourceTree = BUILT_PRODUCTS_DIR;
		};
		B95A46391BFBF4C20057225E /* Result.framework */ = {
			isa = PBXReferenceProxy;
			fileType = wrapper.framework;
			path = Result.framework;
			remoteRef = B95A46381BFBF4C20057225E /* PBXContainerItemProxy */;
			sourceTree = BUILT_PRODUCTS_DIR;
		};
		B95A463B1BFBF4C20057225E /* Result-MacTests.xctest */ = {
			isa = PBXReferenceProxy;
			fileType = wrapper.cfbundle;
			path = "Result-MacTests.xctest";
			remoteRef = B95A463A1BFBF4C20057225E /* PBXContainerItemProxy */;
			sourceTree = BUILT_PRODUCTS_DIR;
		};
		B95A463D1BFBF4C20057225E /* Result.framework */ = {
			isa = PBXReferenceProxy;
			fileType = wrapper.framework;
			path = Result.framework;
			remoteRef = B95A463C1BFBF4C20057225E /* PBXContainerItemProxy */;
			sourceTree = BUILT_PRODUCTS_DIR;
		};
		B95A463F1BFBF4C20057225E /* Result-iOSTests.xctest */ = {
			isa = PBXReferenceProxy;
			fileType = wrapper.cfbundle;
			path = "Result-iOSTests.xctest";
			remoteRef = B95A463E1BFBF4C20057225E /* PBXContainerItemProxy */;
			sourceTree = BUILT_PRODUCTS_DIR;
		};
		B95A46411BFBF4C20057225E /* Result.framework */ = {
			isa = PBXReferenceProxy;
			fileType = wrapper.framework;
			path = Result.framework;
			remoteRef = B95A46401BFBF4C20057225E /* PBXContainerItemProxy */;
			sourceTree = BUILT_PRODUCTS_DIR;
		};
		B95A46431BFBF4C20057225E /* Result-tvOSTests.xctest */ = {
			isa = PBXReferenceProxy;
			fileType = wrapper.cfbundle;
			path = "Result-tvOSTests.xctest";
			remoteRef = B95A46421BFBF4C20057225E /* PBXContainerItemProxy */;
			sourceTree = BUILT_PRODUCTS_DIR;
		};
		B95A46451BFBF4C20057225E /* Result.framework */ = {
			isa = PBXReferenceProxy;
			fileType = wrapper.framework;
			path = Result.framework;
			remoteRef = B95A46441BFBF4C20057225E /* PBXContainerItemProxy */;
			sourceTree = BUILT_PRODUCTS_DIR;
		};
		B95A46471BFBF4C20057225E /* Result-watchOSTests.xctest */ = {
			isa = PBXReferenceProxy;
			fileType = wrapper.cfbundle;
			path = "Result-watchOSTests.xctest";
			remoteRef = B95A46461BFBF4C20057225E /* PBXContainerItemProxy */;
			sourceTree = BUILT_PRODUCTS_DIR;
		};
		B95A46521BFBF4CD0057225E /* ReactiveCocoa.framework */ = {
			isa = PBXReferenceProxy;
			fileType = wrapper.framework;
			path = ReactiveCocoa.framework;
			remoteRef = B95A46511BFBF4CD0057225E /* PBXContainerItemProxy */;
			sourceTree = BUILT_PRODUCTS_DIR;
		};
		B95A46541BFBF4CD0057225E /* ReactiveCocoaTests.xctest */ = {
			isa = PBXReferenceProxy;
			fileType = wrapper.cfbundle;
			path = ReactiveCocoaTests.xctest;
			remoteRef = B95A46531BFBF4CD0057225E /* PBXContainerItemProxy */;
			sourceTree = BUILT_PRODUCTS_DIR;
		};
		B95A46561BFBF4CD0057225E /* ReactiveCocoa.framework */ = {
			isa = PBXReferenceProxy;
			fileType = wrapper.framework;
			path = ReactiveCocoa.framework;
			remoteRef = B95A46551BFBF4CD0057225E /* PBXContainerItemProxy */;
			sourceTree = BUILT_PRODUCTS_DIR;
		};
		B95A46581BFBF4CD0057225E /* ReactiveCocoaTests.xctest */ = {
			isa = PBXReferenceProxy;
			fileType = wrapper.cfbundle;
			path = ReactiveCocoaTests.xctest;
			remoteRef = B95A46571BFBF4CD0057225E /* PBXContainerItemProxy */;
			sourceTree = BUILT_PRODUCTS_DIR;
		};
		B95A465A1BFBF4CD0057225E /* ReactiveCocoa.framework */ = {
			isa = PBXReferenceProxy;
			fileType = wrapper.framework;
			path = ReactiveCocoa.framework;
			remoteRef = B95A46591BFBF4CD0057225E /* PBXContainerItemProxy */;
			sourceTree = BUILT_PRODUCTS_DIR;
		};
		B95A465C1BFBF4CD0057225E /* ReactiveCocoa.framework */ = {
			isa = PBXReferenceProxy;
			fileType = wrapper.framework;
			path = ReactiveCocoa.framework;
			remoteRef = B95A465B1BFBF4CD0057225E /* PBXContainerItemProxy */;
			sourceTree = BUILT_PRODUCTS_DIR;
		};
		B95A46661BFBF4D50057225E /* Locksmith.framework */ = {
			isa = PBXReferenceProxy;
			fileType = wrapper.framework;
			path = Locksmith.framework;
			remoteRef = B95A46651BFBF4D50057225E /* PBXContainerItemProxy */;
			sourceTree = BUILT_PRODUCTS_DIR;
		};
		B95A46681BFBF4D50057225E /* Locksmith iOS Tests.xctest */ = {
			isa = PBXReferenceProxy;
			fileType = wrapper.cfbundle;
			path = "Locksmith iOS Tests.xctest";
			remoteRef = B95A46671BFBF4D50057225E /* PBXContainerItemProxy */;
			sourceTree = BUILT_PRODUCTS_DIR;
		};
		B95A466A1BFBF4D50057225E /* Locksmith.framework */ = {
			isa = PBXReferenceProxy;
			fileType = wrapper.framework;
			path = Locksmith.framework;
			remoteRef = B95A46691BFBF4D50057225E /* PBXContainerItemProxy */;
			sourceTree = BUILT_PRODUCTS_DIR;
		};
		B95A466C1BFBF4D50057225E /* Locksmith OS X Tests.xctest */ = {
			isa = PBXReferenceProxy;
			fileType = wrapper.cfbundle;
			path = "Locksmith OS X Tests.xctest";
			remoteRef = B95A466B1BFBF4D50057225E /* PBXContainerItemProxy */;
			sourceTree = BUILT_PRODUCTS_DIR;
		};
		B95A466E1BFBF4D50057225E /* Locksmith.framework */ = {
			isa = PBXReferenceProxy;
			fileType = wrapper.framework;
			path = Locksmith.framework;
			remoteRef = B95A466D1BFBF4D50057225E /* PBXContainerItemProxy */;
			sourceTree = BUILT_PRODUCTS_DIR;
		};
		B99BA6DB1C0539A000C8C62C /* SWXMLHash.framework */ = {
			isa = PBXReferenceProxy;
			fileType = wrapper.framework;
			path = SWXMLHash.framework;
			remoteRef = B99BA6DA1C0539A000C8C62C /* PBXContainerItemProxy */;
			sourceTree = BUILT_PRODUCTS_DIR;
		};
		B99BA6DD1C0539A000C8C62C /* SWXMLHash iOS Tests.xctest */ = {
			isa = PBXReferenceProxy;
			fileType = wrapper.cfbundle;
			path = "SWXMLHash iOS Tests.xctest";
			remoteRef = B99BA6DC1C0539A000C8C62C /* PBXContainerItemProxy */;
			sourceTree = BUILT_PRODUCTS_DIR;
		};
		B99BA6DF1C0539A000C8C62C /* SWXMLHash.framework */ = {
			isa = PBXReferenceProxy;
			fileType = wrapper.framework;
			path = SWXMLHash.framework;
			remoteRef = B99BA6DE1C0539A000C8C62C /* PBXContainerItemProxy */;
			sourceTree = BUILT_PRODUCTS_DIR;
		};
		B99BA6E11C0539A000C8C62C /* SWXMLHash OSX Tests.xctest */ = {
			isa = PBXReferenceProxy;
			fileType = wrapper.cfbundle;
			path = "SWXMLHash OSX Tests.xctest";
			remoteRef = B99BA6E01C0539A000C8C62C /* PBXContainerItemProxy */;
			sourceTree = BUILT_PRODUCTS_DIR;
		};
		B99BA6E31C0539A000C8C62C /* SWXMLHash.framework */ = {
			isa = PBXReferenceProxy;
			fileType = wrapper.framework;
			path = SWXMLHash.framework;
			remoteRef = B99BA6E21C0539A000C8C62C /* PBXContainerItemProxy */;
			sourceTree = BUILT_PRODUCTS_DIR;
		};
		B99BA6E51C0539A000C8C62C /* SWXMLHash tvOS Tests.xctest */ = {
			isa = PBXReferenceProxy;
			fileType = wrapper.cfbundle;
			path = "SWXMLHash tvOS Tests.xctest";
			remoteRef = B99BA6E41C0539A000C8C62C /* PBXContainerItemProxy */;
			sourceTree = BUILT_PRODUCTS_DIR;
		};
		B99BA6E71C0539A000C8C62C /* SWXMLHash.framework */ = {
			isa = PBXReferenceProxy;
			fileType = wrapper.framework;
			path = SWXMLHash.framework;
			remoteRef = B99BA6E61C0539A000C8C62C /* PBXContainerItemProxy */;
			sourceTree = BUILT_PRODUCTS_DIR;
		};
		B9F960651C13A13F005670B9 /* Quick.framework */ = {
			isa = PBXReferenceProxy;
			fileType = wrapper.framework;
			path = Quick.framework;
			remoteRef = B9F960641C13A13F005670B9 /* PBXContainerItemProxy */;
			sourceTree = BUILT_PRODUCTS_DIR;
		};
		B9F960671C13A13F005670B9 /* Quick-OSXTests.xctest */ = {
			isa = PBXReferenceProxy;
			fileType = wrapper.cfbundle;
			path = "Quick-OSXTests.xctest";
			remoteRef = B9F960661C13A13F005670B9 /* PBXContainerItemProxy */;
			sourceTree = BUILT_PRODUCTS_DIR;
		};
		B9F960691C13A13F005670B9 /* QuickFocused-OSXTests.xctest */ = {
			isa = PBXReferenceProxy;
			fileType = wrapper.cfbundle;
			path = "QuickFocused-OSXTests.xctest";
			remoteRef = B9F960681C13A13F005670B9 /* PBXContainerItemProxy */;
			sourceTree = BUILT_PRODUCTS_DIR;
		};
		B9F9606B1C13A13F005670B9 /* Quick.framework */ = {
			isa = PBXReferenceProxy;
			fileType = wrapper.framework;
			path = Quick.framework;
			remoteRef = B9F9606A1C13A13F005670B9 /* PBXContainerItemProxy */;
			sourceTree = BUILT_PRODUCTS_DIR;
		};
		B9F9606D1C13A13F005670B9 /* Quick-iOSTests.xctest */ = {
			isa = PBXReferenceProxy;
			fileType = wrapper.cfbundle;
			path = "Quick-iOSTests.xctest";
			remoteRef = B9F9606C1C13A13F005670B9 /* PBXContainerItemProxy */;
			sourceTree = BUILT_PRODUCTS_DIR;
		};
		B9F9606F1C13A13F005670B9 /* QuickFocused-iOSTests.xctest */ = {
			isa = PBXReferenceProxy;
			fileType = wrapper.cfbundle;
			path = "QuickFocused-iOSTests.xctest";
			remoteRef = B9F9606E1C13A13F005670B9 /* PBXContainerItemProxy */;
			sourceTree = BUILT_PRODUCTS_DIR;
		};
		B9F960711C13A13F005670B9 /* Quick.framework */ = {
			isa = PBXReferenceProxy;
			fileType = wrapper.framework;
			path = Quick.framework;
			remoteRef = B9F960701C13A13F005670B9 /* PBXContainerItemProxy */;
			sourceTree = BUILT_PRODUCTS_DIR;
		};
		B9F960731C13A13F005670B9 /* Quick-tvOSTests.xctest */ = {
			isa = PBXReferenceProxy;
			fileType = wrapper.cfbundle;
			path = "Quick-tvOSTests.xctest";
			remoteRef = B9F960721C13A13F005670B9 /* PBXContainerItemProxy */;
			sourceTree = BUILT_PRODUCTS_DIR;
		};
		B9F960751C13A13F005670B9 /* QuickFocused-tvOSTests.xctest */ = {
			isa = PBXReferenceProxy;
			fileType = wrapper.cfbundle;
			path = "QuickFocused-tvOSTests.xctest";
			remoteRef = B9F960741C13A13F005670B9 /* PBXContainerItemProxy */;
			sourceTree = BUILT_PRODUCTS_DIR;
		};
		B9F960921C13A14B005670B9 /* Nimble.framework */ = {
			isa = PBXReferenceProxy;
			fileType = wrapper.framework;
			path = Nimble.framework;
			remoteRef = B9F960911C13A14B005670B9 /* PBXContainerItemProxy */;
			sourceTree = BUILT_PRODUCTS_DIR;
		};
		B9F960941C13A14B005670B9 /* NimbleTests.xctest */ = {
			isa = PBXReferenceProxy;
			fileType = wrapper.cfbundle;
			path = NimbleTests.xctest;
			remoteRef = B9F960931C13A14B005670B9 /* PBXContainerItemProxy */;
			sourceTree = BUILT_PRODUCTS_DIR;
		};
		B9F960961C13A14B005670B9 /* Nimble.framework */ = {
			isa = PBXReferenceProxy;
			fileType = wrapper.framework;
			path = Nimble.framework;
			remoteRef = B9F960951C13A14B005670B9 /* PBXContainerItemProxy */;
			sourceTree = BUILT_PRODUCTS_DIR;
		};
		B9F960981C13A14B005670B9 /* NimbleTests.xctest */ = {
			isa = PBXReferenceProxy;
			fileType = wrapper.cfbundle;
			path = NimbleTests.xctest;
			remoteRef = B9F960971C13A14B005670B9 /* PBXContainerItemProxy */;
			sourceTree = BUILT_PRODUCTS_DIR;
		};
		B9F9609A1C13A14B005670B9 /* Nimble.framework */ = {
			isa = PBXReferenceProxy;
			fileType = wrapper.framework;
			path = Nimble.framework;
			remoteRef = B9F960991C13A14B005670B9 /* PBXContainerItemProxy */;
			sourceTree = BUILT_PRODUCTS_DIR;
		};
		B9F9609C1C13A14B005670B9 /* NimbleTests.xctest */ = {
			isa = PBXReferenceProxy;
			fileType = wrapper.cfbundle;
			path = NimbleTests.xctest;
			remoteRef = B9F9609B1C13A14B005670B9 /* PBXContainerItemProxy */;
			sourceTree = BUILT_PRODUCTS_DIR;
		};
/* End PBXReferenceProxy section */

/* Begin PBXResourcesBuildPhase section */
		B9F61E781BED644D00D60722 /* Resources */ = {
			isa = PBXResourcesBuildPhase;
			buildActionMask = 2147483647;
			files = (
				B9F61EB31BED651900D60722 /* Assets.xcassets in Resources */,
				B9F61EB41BED651900D60722 /* LaunchScreen.storyboard in Resources */,
			);
			runOnlyForDeploymentPostprocessing = 0;
		};
		B9F61E8C1BED644D00D60722 /* Resources */ = {
			isa = PBXResourcesBuildPhase;
			buildActionMask = 2147483647;
			files = (
				B9EE8F2C1C1CDCA5001CB8F1 /* StructureFiles in Resources */,
			);
			runOnlyForDeploymentPostprocessing = 0;
		};
		B9F61E971BED644D00D60722 /* Resources */ = {
			isa = PBXResourcesBuildPhase;
			buildActionMask = 2147483647;
			files = (
			);
			runOnlyForDeploymentPostprocessing = 0;
		};
/* End PBXResourcesBuildPhase section */

/* Begin PBXSourcesBuildPhase section */
		B9F61E761BED644D00D60722 /* Sources */ = {
			isa = PBXSourcesBuildPhase;
			buildActionMask = 2147483647;
			files = (
				B9F61EB61BED651900D60722 /* AppDelegate.swift in Sources */,
				B93C2C231C0D2657003340EE /* AuthenticationData.swift in Sources */,
				B95E46F31BEEB4AE00481E51 /* SetupController.swift in Sources */,
				B9220F881C0A98050095A206 /* Room.swift in Sources */,
				B9FC15591C0BBFE800FEF734 /* Store.swift in Sources */,
				B94E25751C067C7600B52062 /* NetworkManager.swift in Sources */,
				B985B5A71BF986EC003C715B /* ThemeManager.swift in Sources */,
				B984D1271BFFF98A0081158E /* ColorName.swift in Sources */,
				B9220F8A1C0A98BF0095A206 /* Light.swift in Sources */,
				B99594631C0279D1007EE098 /* UITextField+RAC.swift in Sources */,
				B91ED9721BFA9C5B0070EB8E /* Box.swift in Sources */,
				B9220F8E1C0A9B300095A206 /* Consumer.swift in Sources */,
				B9F10B001BF8004200AB23D9 /* UIImage+Asset.swift in Sources */,
				B9F10AFE1BF7FFB400AB23D9 /* UIColor+Name.swift in Sources */,
				B91ED9741BFAA1EE0070EB8E /* Theme.swift in Sources */,
				B9C76A351C0927CC00B25DAC /* NetworkError.swift in Sources */,
				B92F3E681C012F2000B3CD32 /* SetupViewModel.swift in Sources */,
				B9220F8C1C0A9A8C0095A206 /* Blind.swift in Sources */,
			);
			runOnlyForDeploymentPostprocessing = 0;
		};
		B9F61E8A1BED644D00D60722 /* Sources */ = {
			isa = PBXSourcesBuildPhase;
			buildActionMask = 2147483647;
			files = (
				B9EE8F011C1CDAEB001CB8F1 /* StoreSpec.swift in Sources */,
				B9F960AA1C13A23E005670B9 /* NetworkManagerSpec.swift in Sources */,
			);
			runOnlyForDeploymentPostprocessing = 0;
		};
		B9F61E951BED644D00D60722 /* Sources */ = {
			isa = PBXSourcesBuildPhase;
			buildActionMask = 2147483647;
			files = (
			);
			runOnlyForDeploymentPostprocessing = 0;
		};
/* End PBXSourcesBuildPhase section */

/* Begin PBXTargetDependency section */
		B95A46721BFBF4F20057225E /* PBXTargetDependency */ = {
			isa = PBXTargetDependency;
			name = "ReactiveCocoa-iOS";
			targetProxy = B95A46711BFBF4F20057225E /* PBXContainerItemProxy */;
		};
		B95A46761BFBF52C0057225E /* PBXTargetDependency */ = {
			isa = PBXTargetDependency;
			name = "Result-iOS";
			targetProxy = B95A46751BFBF52C0057225E /* PBXContainerItemProxy */;
		};
		B95A467A1BFBF5330057225E /* PBXTargetDependency */ = {
			isa = PBXTargetDependency;
			name = "Alamofire iOS";
			targetProxy = B95A46791BFBF5330057225E /* PBXContainerItemProxy */;
		};
		B95A467E1BFBF5540057225E /* PBXTargetDependency */ = {
			isa = PBXTargetDependency;
			name = "Locksmith iOS";
			targetProxy = B95A467D1BFBF5540057225E /* PBXContainerItemProxy */;
		};
		B99BA6E91C0539D700C8C62C /* PBXTargetDependency */ = {
			isa = PBXTargetDependency;
			name = "SWXMLHash iOS";
			targetProxy = B99BA6E81C0539D700C8C62C /* PBXContainerItemProxy */;
		};
		B9F61E901BED644D00D60722 /* PBXTargetDependency */ = {
			isa = PBXTargetDependency;
			target = B9F61E791BED644D00D60722 /* HomeControl */;
			targetProxy = B9F61E8F1BED644D00D60722 /* PBXContainerItemProxy */;
		};
		B9F61E9B1BED644D00D60722 /* PBXTargetDependency */ = {
			isa = PBXTargetDependency;
			target = B9F61E791BED644D00D60722 /* HomeControl */;
			targetProxy = B9F61E9A1BED644D00D60722 /* PBXContainerItemProxy */;
		};
		B9F9609E1C13A157005670B9 /* PBXTargetDependency */ = {
			isa = PBXTargetDependency;
			name = "Quick-iOS";
			targetProxy = B9F9609D1C13A157005670B9 /* PBXContainerItemProxy */;
		};
		B9F960A01C13A15A005670B9 /* PBXTargetDependency */ = {
			isa = PBXTargetDependency;
			name = "Nimble-iOS";
			targetProxy = B9F9609F1C13A15A005670B9 /* PBXContainerItemProxy */;
		};
		B9F960A41C13A1A8005670B9 /* PBXTargetDependency */ = {
			isa = PBXTargetDependency;
			name = "Quick-iOS";
			targetProxy = B9F960A31C13A1A8005670B9 /* PBXContainerItemProxy */;
		};
		B9F960A61C13A1AF005670B9 /* PBXTargetDependency */ = {
			isa = PBXTargetDependency;
			name = "Nimble-iOS";
			targetProxy = B9F960A51C13A1AF005670B9 /* PBXContainerItemProxy */;
		};
/* End PBXTargetDependency section */

/* Begin PBXVariantGroup section */
		B9F61EAE1BED651900D60722 /* LaunchScreen.storyboard */ = {
			isa = PBXVariantGroup;
			children = (
				B9F61EAF1BED651900D60722 /* Base */,
			);
			name = LaunchScreen.storyboard;
			sourceTree = "<group>";
		};
/* End PBXVariantGroup section */

/* Begin XCBuildConfiguration section */
		B9F61EA01BED644D00D60722 /* Debug */ = {
			isa = XCBuildConfiguration;
			baseConfigurationReference = B909816F1BF56D9200B822A8 /* Debug.xcconfig */;
			buildSettings = {
				ALWAYS_SEARCH_USER_PATHS = NO;
				CLANG_CXX_LANGUAGE_STANDARD = "gnu++0x";
				CLANG_CXX_LIBRARY = "libc++";
				CLANG_ENABLE_MODULES = YES;
				CLANG_ENABLE_OBJC_ARC = YES;
				CLANG_WARN_BOOL_CONVERSION = YES;
				CLANG_WARN_CONSTANT_CONVERSION = YES;
				CLANG_WARN_DIRECT_OBJC_ISA_USAGE = YES_ERROR;
				CLANG_WARN_EMPTY_BODY = YES;
				CLANG_WARN_ENUM_CONVERSION = YES;
				CLANG_WARN_INT_CONVERSION = YES;
				CLANG_WARN_OBJC_ROOT_CLASS = YES_ERROR;
				CLANG_WARN_UNREACHABLE_CODE = YES;
				CLANG_WARN__DUPLICATE_METHOD_MATCH = YES;
				"CODE_SIGN_IDENTITY[sdk=iphoneos*]" = "iPhone Developer";
				COPY_PHASE_STRIP = NO;
				DEBUG_INFORMATION_FORMAT = dwarf;
				ENABLE_STRICT_OBJC_MSGSEND = YES;
				ENABLE_TESTABILITY = YES;
				GCC_C_LANGUAGE_STANDARD = gnu99;
				GCC_DYNAMIC_NO_PIC = NO;
				GCC_NO_COMMON_BLOCKS = YES;
				GCC_OPTIMIZATION_LEVEL = 0;
				GCC_PREPROCESSOR_DEFINITIONS = (
					"DEBUG=1",
					"$(inherited)",
				);
				GCC_WARN_64_TO_32_BIT_CONVERSION = YES;
				GCC_WARN_ABOUT_RETURN_TYPE = YES_ERROR;
				GCC_WARN_UNDECLARED_SELECTOR = YES;
				GCC_WARN_UNINITIALIZED_AUTOS = YES_AGGRESSIVE;
				GCC_WARN_UNUSED_FUNCTION = YES;
				GCC_WARN_UNUSED_VARIABLE = YES;
				IPHONEOS_DEPLOYMENT_TARGET = 9.1;
				MTL_ENABLE_DEBUG_INFO = YES;
				ONLY_ACTIVE_ARCH = YES;
				SDKROOT = iphoneos;
				SWIFT_OPTIMIZATION_LEVEL = "-Onone";
				TARGETED_DEVICE_FAMILY = "1,2";
			};
			name = Debug;
		};
		B9F61EA11BED644D00D60722 /* Release */ = {
			isa = XCBuildConfiguration;
			baseConfigurationReference = B90981711BF56D9200B822A8 /* Release.xcconfig */;
			buildSettings = {
				ALWAYS_SEARCH_USER_PATHS = NO;
				CLANG_CXX_LANGUAGE_STANDARD = "gnu++0x";
				CLANG_CXX_LIBRARY = "libc++";
				CLANG_ENABLE_MODULES = YES;
				CLANG_ENABLE_OBJC_ARC = YES;
				CLANG_WARN_BOOL_CONVERSION = YES;
				CLANG_WARN_CONSTANT_CONVERSION = YES;
				CLANG_WARN_DIRECT_OBJC_ISA_USAGE = YES_ERROR;
				CLANG_WARN_EMPTY_BODY = YES;
				CLANG_WARN_ENUM_CONVERSION = YES;
				CLANG_WARN_INT_CONVERSION = YES;
				CLANG_WARN_OBJC_ROOT_CLASS = YES_ERROR;
				CLANG_WARN_UNREACHABLE_CODE = YES;
				CLANG_WARN__DUPLICATE_METHOD_MATCH = YES;
				"CODE_SIGN_IDENTITY[sdk=iphoneos*]" = "iPhone Developer";
				COPY_PHASE_STRIP = NO;
				DEBUG_INFORMATION_FORMAT = "dwarf-with-dsym";
				ENABLE_NS_ASSERTIONS = NO;
				ENABLE_STRICT_OBJC_MSGSEND = YES;
				GCC_C_LANGUAGE_STANDARD = gnu99;
				GCC_NO_COMMON_BLOCKS = YES;
				GCC_WARN_64_TO_32_BIT_CONVERSION = YES;
				GCC_WARN_ABOUT_RETURN_TYPE = YES_ERROR;
				GCC_WARN_UNDECLARED_SELECTOR = YES;
				GCC_WARN_UNINITIALIZED_AUTOS = YES_AGGRESSIVE;
				GCC_WARN_UNUSED_FUNCTION = YES;
				GCC_WARN_UNUSED_VARIABLE = YES;
				IPHONEOS_DEPLOYMENT_TARGET = 9.1;
				MTL_ENABLE_DEBUG_INFO = NO;
				SDKROOT = iphoneos;
				TARGETED_DEVICE_FAMILY = "1,2";
				VALIDATE_PRODUCT = YES;
			};
			name = Release;
		};
		B9F61EA31BED644D00D60722 /* Debug */ = {
			isa = XCBuildConfiguration;
			baseConfigurationReference = B909818F1BF56D9200B822A8 /* iOS-Application.xcconfig */;
			buildSettings = {
				ASSETCATALOG_COMPILER_APPICON_NAME = AppIcon;
				EMBEDDED_CONTENT_CONTAINS_SWIFT = YES;
				FRAMEWORK_SEARCH_PATHS = (
					"$(inherited)",
					"$(PROJECT_DIR)/Carthage/Build/iOS",
				);
				INFOPLIST_FILE = "$(TARGET_NAME)/Resources/Info.plist";
				LD_RUNPATH_SEARCH_PATHS = "$(inherited) @executable_path/Frameworks";
				PRODUCT_BUNDLE_IDENTIFIER = com.juliangrosshauser.HomeControl;
				PRODUCT_NAME = "$(TARGET_NAME)";
			};
			name = Debug;
		};
		B9F61EA41BED644D00D60722 /* Release */ = {
			isa = XCBuildConfiguration;
			baseConfigurationReference = B909818F1BF56D9200B822A8 /* iOS-Application.xcconfig */;
			buildSettings = {
				ASSETCATALOG_COMPILER_APPICON_NAME = AppIcon;
				EMBEDDED_CONTENT_CONTAINS_SWIFT = YES;
				FRAMEWORK_SEARCH_PATHS = (
					"$(inherited)",
					"$(PROJECT_DIR)/Carthage/Build/iOS",
				);
				INFOPLIST_FILE = "$(TARGET_NAME)/Resources/Info.plist";
				LD_RUNPATH_SEARCH_PATHS = "$(inherited) @executable_path/Frameworks";
				PRODUCT_BUNDLE_IDENTIFIER = com.juliangrosshauser.HomeControl;
				PRODUCT_NAME = "$(TARGET_NAME)";
			};
			name = Release;
		};
		B9F61EA61BED644D00D60722 /* Debug */ = {
			isa = XCBuildConfiguration;
			baseConfigurationReference = B909818F1BF56D9200B822A8 /* iOS-Application.xcconfig */;
			buildSettings = {
				BUNDLE_LOADER = "$(TEST_HOST)";
				CLANG_ENABLE_MODULES = YES;
				FRAMEWORK_SEARCH_PATHS = (
					"$(inherited)",
					"$(PROJECT_DIR)/Carthage/Build/iOS",
				);
				INFOPLIST_FILE = "$(TARGET_NAME)/Resources/Info.plist";
				LD_RUNPATH_SEARCH_PATHS = "$(inherited) @executable_path/Frameworks @loader_path/Frameworks";
				PRODUCT_BUNDLE_IDENTIFIER = com.juliangrosshauser.HomeControlTests;
				PRODUCT_NAME = "$(TARGET_NAME)";
				SWIFT_OPTIMIZATION_LEVEL = "-Onone";
				TEST_HOST = "$(BUILT_PRODUCTS_DIR)/HomeControl.app/HomeControl";
			};
			name = Debug;
		};
		B9F61EA71BED644D00D60722 /* Release */ = {
			isa = XCBuildConfiguration;
			baseConfigurationReference = B909818F1BF56D9200B822A8 /* iOS-Application.xcconfig */;
			buildSettings = {
				BUNDLE_LOADER = "$(TEST_HOST)";
				CLANG_ENABLE_MODULES = YES;
				FRAMEWORK_SEARCH_PATHS = (
					"$(inherited)",
					"$(PROJECT_DIR)/Carthage/Build/iOS",
				);
				INFOPLIST_FILE = "$(TARGET_NAME)/Resources/Info.plist";
				LD_RUNPATH_SEARCH_PATHS = "$(inherited) @executable_path/Frameworks @loader_path/Frameworks";
				PRODUCT_BUNDLE_IDENTIFIER = com.juliangrosshauser.HomeControlTests;
				PRODUCT_NAME = "$(TARGET_NAME)";
				TEST_HOST = "$(BUILT_PRODUCTS_DIR)/HomeControl.app/HomeControl";
			};
			name = Release;
		};
		B9F61EA91BED644D00D60722 /* Debug */ = {
			isa = XCBuildConfiguration;
			baseConfigurationReference = B909818F1BF56D9200B822A8 /* iOS-Application.xcconfig */;
			buildSettings = {
				CLANG_ENABLE_MODULES = YES;
				FRAMEWORK_SEARCH_PATHS = (
					"$(inherited)",
					"$(PROJECT_DIR)/Carthage/Build/iOS",
				);
				INFOPLIST_FILE = "$(TARGET_NAME)/Resources/Info.plist";
				LD_RUNPATH_SEARCH_PATHS = "$(inherited) @executable_path/Frameworks @loader_path/Frameworks";
				PRODUCT_BUNDLE_IDENTIFIER = com.juliangrosshauser.HomeControlUITests;
				PRODUCT_NAME = "$(TARGET_NAME)";
				SWIFT_OPTIMIZATION_LEVEL = "-Onone";
				TEST_TARGET_NAME = HomeControl;
				USES_XCTRUNNER = YES;
			};
			name = Debug;
		};
		B9F61EAA1BED644D00D60722 /* Release */ = {
			isa = XCBuildConfiguration;
			baseConfigurationReference = B909818F1BF56D9200B822A8 /* iOS-Application.xcconfig */;
			buildSettings = {
				CLANG_ENABLE_MODULES = YES;
				FRAMEWORK_SEARCH_PATHS = (
					"$(inherited)",
					"$(PROJECT_DIR)/Carthage/Build/iOS",
				);
				INFOPLIST_FILE = "$(TARGET_NAME)/Resources/Info.plist";
				LD_RUNPATH_SEARCH_PATHS = "$(inherited) @executable_path/Frameworks @loader_path/Frameworks";
				PRODUCT_BUNDLE_IDENTIFIER = com.juliangrosshauser.HomeControlUITests;
				PRODUCT_NAME = "$(TARGET_NAME)";
				TEST_TARGET_NAME = HomeControl;
				USES_XCTRUNNER = YES;
			};
			name = Release;
		};
/* End XCBuildConfiguration section */

/* Begin XCConfigurationList section */
		B9F61E751BED644D00D60722 /* Build configuration list for PBXProject "HomeControl" */ = {
			isa = XCConfigurationList;
			buildConfigurations = (
				B9F61EA01BED644D00D60722 /* Debug */,
				B9F61EA11BED644D00D60722 /* Release */,
			);
			defaultConfigurationIsVisible = 0;
			defaultConfigurationName = Release;
		};
		B9F61EA21BED644D00D60722 /* Build configuration list for PBXNativeTarget "HomeControl" */ = {
			isa = XCConfigurationList;
			buildConfigurations = (
				B9F61EA31BED644D00D60722 /* Debug */,
				B9F61EA41BED644D00D60722 /* Release */,
			);
			defaultConfigurationIsVisible = 0;
			defaultConfigurationName = Release;
		};
		B9F61EA51BED644D00D60722 /* Build configuration list for PBXNativeTarget "HomeControlTests" */ = {
			isa = XCConfigurationList;
			buildConfigurations = (
				B9F61EA61BED644D00D60722 /* Debug */,
				B9F61EA71BED644D00D60722 /* Release */,
			);
			defaultConfigurationIsVisible = 0;
			defaultConfigurationName = Release;
		};
		B9F61EA81BED644D00D60722 /* Build configuration list for PBXNativeTarget "HomeControlUITests" */ = {
			isa = XCConfigurationList;
			buildConfigurations = (
				B9F61EA91BED644D00D60722 /* Debug */,
				B9F61EAA1BED644D00D60722 /* Release */,
			);
			defaultConfigurationIsVisible = 0;
			defaultConfigurationName = Release;
		};
/* End XCConfigurationList section */
	};
	rootObject = B9F61E721BED644D00D60722 /* Project object */;
}
