// !$*UTF8*$!
{
	archiveVersion = 1;
	classes = {
	};
	objectVersion = 46;
	objects = {

/* Begin PBXBuildFile section */
		B91ED9721BFA9C5B0070EB8E /* Box.swift in Sources */ = {isa = PBXBuildFile; fileRef = B91ED9711BFA9C5B0070EB8E /* Box.swift */; };
		B91ED9741BFAA1EE0070EB8E /* Theme.swift in Sources */ = {isa = PBXBuildFile; fileRef = B91ED9731BFAA1EE0070EB8E /* Theme.swift */; };
		B9220F881C0A98050095A206 /* Room.swift in Sources */ = {isa = PBXBuildFile; fileRef = B9220F871C0A98050095A206 /* Room.swift */; };
		B9220F8A1C0A98BF0095A206 /* Light.swift in Sources */ = {isa = PBXBuildFile; fileRef = B9220F891C0A98BF0095A206 /* Light.swift */; };
		B9220F8C1C0A9A8C0095A206 /* Blind.swift in Sources */ = {isa = PBXBuildFile; fileRef = B9220F8B1C0A9A8C0095A206 /* Blind.swift */; };
		B9220F8E1C0A9B300095A206 /* Consumer.swift in Sources */ = {isa = PBXBuildFile; fileRef = B9220F8D1C0A9B300095A206 /* Consumer.swift */; };
		B92F3E681C012F2000B3CD32 /* SetupViewModel.swift in Sources */ = {isa = PBXBuildFile; fileRef = B92F3E671C012F2000B3CD32 /* SetupViewModel.swift */; };
		B93C2C231C0D2657003340EE /* AuthenticationData.swift in Sources */ = {isa = PBXBuildFile; fileRef = B93C2C221C0D2657003340EE /* AuthenticationData.swift */; };
		B94E25751C067C7600B52062 /* NetworkManager.swift in Sources */ = {isa = PBXBuildFile; fileRef = B94E25741C067C7600B52062 /* NetworkManager.swift */; };
		B95BD9B01C20F01000AB74D1 /* StructureFileParserTests.swift in Sources */ = {isa = PBXBuildFile; fileRef = B95BD9AF1C20F01000AB74D1 /* StructureFileParserTests.swift */; };
		B95BD9B21C20F37200AB74D1 /* NetworkManagerTests.swift in Sources */ = {isa = PBXBuildFile; fileRef = B95BD9B11C20F37200AB74D1 /* NetworkManagerTests.swift */; };
		B95E46F31BEEB4AE00481E51 /* SetupController.swift in Sources */ = {isa = PBXBuildFile; fileRef = B95E46F21BEEB4AE00481E51 /* SetupController.swift */; };
		B96E75FA1C27121800279A45 /* StructureFileParserError.swift in Sources */ = {isa = PBXBuildFile; fileRef = B96E75F91C27121800279A45 /* StructureFileParserError.swift */; };
		B96E760D1C2715F300279A45 /* CollectionType+String.swift in Sources */ = {isa = PBXBuildFile; fileRef = B96E760C1C2715F300279A45 /* CollectionType+String.swift */; };
		B96EF12C1C29E480001C4D40 /* Accessory.swift in Sources */ = {isa = PBXBuildFile; fileRef = B96EF12B1C29E480001C4D40 /* Accessory.swift */; };
		B984D1271BFFF98A0081158E /* ColorName.swift in Sources */ = {isa = PBXBuildFile; fileRef = B984D1261BFFF98A0081158E /* ColorName.swift */; };
		B985B5A71BF986EC003C715B /* ThemeManager.swift in Sources */ = {isa = PBXBuildFile; fileRef = B985B5A61BF986EC003C715B /* ThemeManager.swift */; };
		B9AB79F61C331F9A00C696FF /* ManagedRoom.swift in Sources */ = {isa = PBXBuildFile; fileRef = B9AB79F51C331F9A00C696FF /* ManagedRoom.swift */; };
		B9AB7A0B1C3320FD00C696FF /* ManagedLight.swift in Sources */ = {isa = PBXBuildFile; fileRef = B9AB7A0A1C3320FD00C696FF /* ManagedLight.swift */; };
		B9AB7A0F1C33222000C696FF /* ManagedAccessory.swift in Sources */ = {isa = PBXBuildFile; fileRef = B9AB7A0E1C33222000C696FF /* ManagedAccessory.swift */; };
		B9AB7A111C33225600C696FF /* ManagedBlind.swift in Sources */ = {isa = PBXBuildFile; fileRef = B9AB7A101C33225600C696FF /* ManagedBlind.swift */; };
		B9AB7A131C33226A00C696FF /* ManagedConsumer.swift in Sources */ = {isa = PBXBuildFile; fileRef = B9AB7A121C33226A00C696FF /* ManagedConsumer.swift */; };
		B9AB7A151C33274400C696FF /* ManagedObjectType.swift in Sources */ = {isa = PBXBuildFile; fileRef = B9AB7A141C33274400C696FF /* ManagedObjectType.swift */; };
		B9ACC4E71C321C1F00155C46 /* HomeControl.xcdatamodeld in Sources */ = {isa = PBXBuildFile; fileRef = B9ACC4E51C321C1F00155C46 /* HomeControl.xcdatamodeld */; };
		B9ACC4FA1C322F8100155C46 /* Store.swift in Sources */ = {isa = PBXBuildFile; fileRef = B9ACC4F91C322F8100155C46 /* Store.swift */; };
		B9ACC4FC1C32368300155C46 /* NSURL+DocumentDirectory.swift in Sources */ = {isa = PBXBuildFile; fileRef = B9ACC4FB1C32368300155C46 /* NSURL+DocumentDirectory.swift */; };
		B9C76A351C0927CC00B25DAC /* NetworkError.swift in Sources */ = {isa = PBXBuildFile; fileRef = B9C76A341C0927CC00B25DAC /* NetworkError.swift */; };
		B9E9EDAF1C33731700AEF6AC /* NSManagedObjectContext+Manipulate.swift in Sources */ = {isa = PBXBuildFile; fileRef = B9E9EDAE1C33731700AEF6AC /* NSManagedObjectContext+Manipulate.swift */; };
		B9EE8F2C1C1CDCA5001CB8F1 /* StructureFiles in Resources */ = {isa = PBXBuildFile; fileRef = B9EE8F2B1C1CDCA5001CB8F1 /* StructureFiles */; };
		B9EF55AA1C2243CA00206778 /* Alamofire.framework in Frameworks */ = {isa = PBXBuildFile; fileRef = B9EF55681C22437000206778 /* Alamofire.framework */; };
		B9EF55AB1C2243CA00206778 /* Alamofire.framework in Embed Frameworks */ = {isa = PBXBuildFile; fileRef = B9EF55681C22437000206778 /* Alamofire.framework */; settings = {ATTRIBUTES = (CodeSignOnCopy, RemoveHeadersOnCopy, ); }; };
		B9EF55AF1C2243CF00206778 /* SWXMLHash.framework in Frameworks */ = {isa = PBXBuildFile; fileRef = B9EF55801C22437B00206778 /* SWXMLHash.framework */; };
		B9EF55B01C2243CF00206778 /* SWXMLHash.framework in Embed Frameworks */ = {isa = PBXBuildFile; fileRef = B9EF55801C22437B00206778 /* SWXMLHash.framework */; settings = {ATTRIBUTES = (CodeSignOnCopy, RemoveHeadersOnCopy, ); }; };
		B9EF55B31C2243D400206778 /* Locksmith.framework in Frameworks */ = {isa = PBXBuildFile; fileRef = B9EF55971C22438600206778 /* Locksmith.framework */; };
		B9EF55B41C2243D400206778 /* Locksmith.framework in Embed Frameworks */ = {isa = PBXBuildFile; fileRef = B9EF55971C22438600206778 /* Locksmith.framework */; settings = {ATTRIBUTES = (CodeSignOnCopy, RemoveHeadersOnCopy, ); }; };
		B9F10AFE1BF7FFB400AB23D9 /* UIColor+Name.swift in Sources */ = {isa = PBXBuildFile; fileRef = B9F10AFD1BF7FFB400AB23D9 /* UIColor+Name.swift */; };
		B9F10B001BF8004200AB23D9 /* UIImage+Asset.swift in Sources */ = {isa = PBXBuildFile; fileRef = B9F10AFF1BF8004200AB23D9 /* UIImage+Asset.swift */; };
		B9F61EB31BED651900D60722 /* Assets.xcassets in Resources */ = {isa = PBXBuildFile; fileRef = B9F61EAD1BED651900D60722 /* Assets.xcassets */; };
		B9F61EB41BED651900D60722 /* LaunchScreen.storyboard in Resources */ = {isa = PBXBuildFile; fileRef = B9F61EAE1BED651900D60722 /* LaunchScreen.storyboard */; };
		B9F61EB61BED651900D60722 /* AppDelegate.swift in Sources */ = {isa = PBXBuildFile; fileRef = B9F61EB21BED651900D60722 /* AppDelegate.swift */; };
		B9FC15591C0BBFE800FEF734 /* StructureFileParser.swift in Sources */ = {isa = PBXBuildFile; fileRef = B9FC15581C0BBFE800FEF734 /* StructureFileParser.swift */; };
/* End PBXBuildFile section */

/* Begin PBXContainerItemProxy section */
		B9EF55671C22437000206778 /* PBXContainerItemProxy */ = {
			isa = PBXContainerItemProxy;
			containerPortal = B9EF555D1C22437000206778 /* Alamofire.xcodeproj */;
			proxyType = 2;
			remoteGlobalIDString = F8111E3319A95C8B0040E7D1;
			remoteInfo = "Alamofire iOS";
		};
		B9EF55691C22437000206778 /* PBXContainerItemProxy */ = {
			isa = PBXContainerItemProxy;
			containerPortal = B9EF555D1C22437000206778 /* Alamofire.xcodeproj */;
			proxyType = 2;
			remoteGlobalIDString = F8111E3E19A95C8B0040E7D1;
			remoteInfo = "Alamofire iOS Tests";
		};
		B9EF556B1C22437000206778 /* PBXContainerItemProxy */ = {
			isa = PBXContainerItemProxy;
			containerPortal = B9EF555D1C22437000206778 /* Alamofire.xcodeproj */;
			proxyType = 2;
			remoteGlobalIDString = 4DD67C0B1A5C55C900ED2280;
			remoteInfo = "Alamofire OSX";
		};
		B9EF556D1C22437000206778 /* PBXContainerItemProxy */ = {
			isa = PBXContainerItemProxy;
			containerPortal = B9EF555D1C22437000206778 /* Alamofire.xcodeproj */;
			proxyType = 2;
			remoteGlobalIDString = F829C6B21A7A94F100A2CD59;
			remoteInfo = "Alamofire OSX Tests";
		};
		B9EF556F1C22437000206778 /* PBXContainerItemProxy */ = {
			isa = PBXContainerItemProxy;
			containerPortal = B9EF555D1C22437000206778 /* Alamofire.xcodeproj */;
			proxyType = 2;
			remoteGlobalIDString = 4CF626EF1BA7CB3E0011A099;
			remoteInfo = "Alamofire tvOS";
		};
		B9EF55711C22437000206778 /* PBXContainerItemProxy */ = {
			isa = PBXContainerItemProxy;
			containerPortal = B9EF555D1C22437000206778 /* Alamofire.xcodeproj */;
			proxyType = 2;
			remoteGlobalIDString = 4CF626F81BA7CB3E0011A099;
			remoteInfo = "Alamofire tvOS Tests";
		};
		B9EF55731C22437000206778 /* PBXContainerItemProxy */ = {
			isa = PBXContainerItemProxy;
			containerPortal = B9EF555D1C22437000206778 /* Alamofire.xcodeproj */;
			proxyType = 2;
			remoteGlobalIDString = E4202FE01B667AA100C997FB;
			remoteInfo = "Alamofire watchOS";
		};
		B9EF557F1C22437B00206778 /* PBXContainerItemProxy */ = {
			isa = PBXContainerItemProxy;
			containerPortal = B9EF55751C22437B00206778 /* SWXMLHash.xcodeproj */;
			proxyType = 2;
			remoteGlobalIDString = CD6083EF196CA106000B4F8D;
			remoteInfo = "SWXMLHash iOS";
		};
		B9EF55811C22437B00206778 /* PBXContainerItemProxy */ = {
			isa = PBXContainerItemProxy;
			containerPortal = B9EF55751C22437B00206778 /* SWXMLHash.xcodeproj */;
			proxyType = 2;
			remoteGlobalIDString = CD6083FA196CA106000B4F8D;
			remoteInfo = "SWXMLHash iOS Tests";
		};
		B9EF55831C22437B00206778 /* PBXContainerItemProxy */ = {
			isa = PBXContainerItemProxy;
			containerPortal = B9EF55751C22437B00206778 /* SWXMLHash.xcodeproj */;
			proxyType = 2;
			remoteGlobalIDString = CD9D052C1A757D8B003CCB21;
			remoteInfo = "SWXMLHash OSX";
		};
		B9EF55851C22437B00206778 /* PBXContainerItemProxy */ = {
			isa = PBXContainerItemProxy;
			containerPortal = B9EF55751C22437B00206778 /* SWXMLHash.xcodeproj */;
			proxyType = 2;
			remoteGlobalIDString = CD9D05361A757D8B003CCB21;
			remoteInfo = "SWXMLHash OSX Tests";
		};
		B9EF55871C22437B00206778 /* PBXContainerItemProxy */ = {
			isa = PBXContainerItemProxy;
			containerPortal = B9EF55751C22437B00206778 /* SWXMLHash.xcodeproj */;
			proxyType = 2;
			remoteGlobalIDString = CDDEC74C1BF6311A00AB138B;
			remoteInfo = "SWXMLHash tvOS";
		};
		B9EF55891C22437B00206778 /* PBXContainerItemProxy */ = {
			isa = PBXContainerItemProxy;
			containerPortal = B9EF55751C22437B00206778 /* SWXMLHash.xcodeproj */;
			proxyType = 2;
			remoteGlobalIDString = CDDEC7551BF6311B00AB138B;
			remoteInfo = "SWXMLHash tvOS Tests";
		};
		B9EF558B1C22437B00206778 /* PBXContainerItemProxy */ = {
			isa = PBXContainerItemProxy;
			containerPortal = B9EF55751C22437B00206778 /* SWXMLHash.xcodeproj */;
			proxyType = 2;
			remoteGlobalIDString = CDDEC7681BF6316C00AB138B;
			remoteInfo = "SWXMLHash watchOS";
		};
		B9EF55961C22438600206778 /* PBXContainerItemProxy */ = {
			isa = PBXContainerItemProxy;
			containerPortal = B9EF558D1C22438600206778 /* Locksmith.xcodeproj */;
			proxyType = 2;
			remoteGlobalIDString = 0EC25C591BA385AA004191AF;
			remoteInfo = "Locksmith iOS";
		};
		B9EF55981C22438600206778 /* PBXContainerItemProxy */ = {
			isa = PBXContainerItemProxy;
			containerPortal = B9EF558D1C22438600206778 /* Locksmith.xcodeproj */;
			proxyType = 2;
			remoteGlobalIDString = 0EC25C621BA385AB004191AF;
			remoteInfo = "Locksmith iOS Tests";
		};
		B9EF559A1C22438600206778 /* PBXContainerItemProxy */ = {
			isa = PBXContainerItemProxy;
			containerPortal = B9EF558D1C22438600206778 /* Locksmith.xcodeproj */;
			proxyType = 2;
			remoteGlobalIDString = 0EC25C751BA385F6004191AF;
			remoteInfo = "Locksmith OS X";
		};
		B9EF559C1C22438600206778 /* PBXContainerItemProxy */ = {
			isa = PBXContainerItemProxy;
			containerPortal = B9EF558D1C22438600206778 /* Locksmith.xcodeproj */;
			proxyType = 2;
			remoteGlobalIDString = 0EC25C7E1BA385F6004191AF;
			remoteInfo = "Locksmith OS X Tests";
		};
		B9EF559E1C22438600206778 /* PBXContainerItemProxy */ = {
			isa = PBXContainerItemProxy;
			containerPortal = B9EF558D1C22438600206778 /* Locksmith.xcodeproj */;
			proxyType = 2;
			remoteGlobalIDString = 0EC25CA71BA39C9F004191AF;
			remoteInfo = "Locksmith watchOS";
		};
		B9EF55A01C22438600206778 /* PBXContainerItemProxy */ = {
			isa = PBXContainerItemProxy;
			containerPortal = B9EF558D1C22438600206778 /* Locksmith.xcodeproj */;
			proxyType = 2;
			remoteGlobalIDString = FBD0C9491C1866BE00291F2A;
			remoteInfo = "Locksmith tvOS";
		};
		B9EF55AC1C2243CA00206778 /* PBXContainerItemProxy */ = {
			isa = PBXContainerItemProxy;
			containerPortal = B9EF555D1C22437000206778 /* Alamofire.xcodeproj */;
			proxyType = 1;
			remoteGlobalIDString = F8111E3219A95C8B0040E7D1;
			remoteInfo = "Alamofire iOS";
		};
		B9EF55B11C2243CF00206778 /* PBXContainerItemProxy */ = {
			isa = PBXContainerItemProxy;
			containerPortal = B9EF55751C22437B00206778 /* SWXMLHash.xcodeproj */;
			proxyType = 1;
			remoteGlobalIDString = CD6083EE196CA106000B4F8D;
			remoteInfo = "SWXMLHash iOS";
		};
		B9EF55B51C2243D400206778 /* PBXContainerItemProxy */ = {
			isa = PBXContainerItemProxy;
			containerPortal = B9EF558D1C22438600206778 /* Locksmith.xcodeproj */;
			proxyType = 1;
			remoteGlobalIDString = 0EC25C581BA385AA004191AF;
			remoteInfo = "Locksmith iOS";
		};
		B9F61E8F1BED644D00D60722 /* PBXContainerItemProxy */ = {
			isa = PBXContainerItemProxy;
			containerPortal = B9F61E721BED644D00D60722 /* Project object */;
			proxyType = 1;
			remoteGlobalIDString = B9F61E791BED644D00D60722;
			remoteInfo = HomeControl;
		};
		B9F61E9A1BED644D00D60722 /* PBXContainerItemProxy */ = {
			isa = PBXContainerItemProxy;
			containerPortal = B9F61E721BED644D00D60722 /* Project object */;
			proxyType = 1;
			remoteGlobalIDString = B9F61E791BED644D00D60722;
			remoteInfo = HomeControl;
		};
/* End PBXContainerItemProxy section */

/* Begin PBXCopyFilesBuildPhase section */
		B9EF55AE1C2243CA00206778 /* Embed Frameworks */ = {
			isa = PBXCopyFilesBuildPhase;
			buildActionMask = 2147483647;
			dstPath = "";
			dstSubfolderSpec = 10;
			files = (
				B9EF55B41C2243D400206778 /* Locksmith.framework in Embed Frameworks */,
				B9EF55B01C2243CF00206778 /* SWXMLHash.framework in Embed Frameworks */,
				B9EF55AB1C2243CA00206778 /* Alamofire.framework in Embed Frameworks */,
			);
			name = "Embed Frameworks";
			runOnlyForDeploymentPostprocessing = 0;
		};
/* End PBXCopyFilesBuildPhase section */

/* Begin PBXFileReference section */
		B91ED9711BFA9C5B0070EB8E /* Box.swift */ = {isa = PBXFileReference; fileEncoding = 4; lastKnownFileType = sourcecode.swift; path = Box.swift; sourceTree = "<group>"; };
		B91ED9731BFAA1EE0070EB8E /* Theme.swift */ = {isa = PBXFileReference; fileEncoding = 4; lastKnownFileType = sourcecode.swift; path = Theme.swift; sourceTree = "<group>"; };
		B9220F871C0A98050095A206 /* Room.swift */ = {isa = PBXFileReference; fileEncoding = 4; lastKnownFileType = sourcecode.swift; path = Room.swift; sourceTree = "<group>"; };
		B9220F891C0A98BF0095A206 /* Light.swift */ = {isa = PBXFileReference; fileEncoding = 4; lastKnownFileType = sourcecode.swift; path = Light.swift; sourceTree = "<group>"; };
		B9220F8B1C0A9A8C0095A206 /* Blind.swift */ = {isa = PBXFileReference; fileEncoding = 4; lastKnownFileType = sourcecode.swift; path = Blind.swift; sourceTree = "<group>"; };
		B9220F8D1C0A9B300095A206 /* Consumer.swift */ = {isa = PBXFileReference; fileEncoding = 4; lastKnownFileType = sourcecode.swift; path = Consumer.swift; sourceTree = "<group>"; };
		B92F3E671C012F2000B3CD32 /* SetupViewModel.swift */ = {isa = PBXFileReference; fileEncoding = 4; lastKnownFileType = sourcecode.swift; path = SetupViewModel.swift; sourceTree = "<group>"; };
		B93C2C221C0D2657003340EE /* AuthenticationData.swift */ = {isa = PBXFileReference; fileEncoding = 4; lastKnownFileType = sourcecode.swift; path = AuthenticationData.swift; sourceTree = "<group>"; };
		B94E25741C067C7600B52062 /* NetworkManager.swift */ = {isa = PBXFileReference; fileEncoding = 4; lastKnownFileType = sourcecode.swift; path = NetworkManager.swift; sourceTree = "<group>"; };
		B95BD9AF1C20F01000AB74D1 /* StructureFileParserTests.swift */ = {isa = PBXFileReference; fileEncoding = 4; lastKnownFileType = sourcecode.swift; name = StructureFileParserTests.swift; path = HomeControlTests/Source/StructureFileParserTests.swift; sourceTree = "<group>"; };
		B95BD9B11C20F37200AB74D1 /* NetworkManagerTests.swift */ = {isa = PBXFileReference; fileEncoding = 4; lastKnownFileType = sourcecode.swift; name = NetworkManagerTests.swift; path = HomeControlTests/Source/NetworkManagerTests.swift; sourceTree = "<group>"; };
		B95E46F21BEEB4AE00481E51 /* SetupController.swift */ = {isa = PBXFileReference; fileEncoding = 4; lastKnownFileType = sourcecode.swift; path = SetupController.swift; sourceTree = "<group>"; };
		B96E75F91C27121800279A45 /* StructureFileParserError.swift */ = {isa = PBXFileReference; fileEncoding = 4; lastKnownFileType = sourcecode.swift; path = StructureFileParserError.swift; sourceTree = "<group>"; };
		B96E760C1C2715F300279A45 /* CollectionType+String.swift */ = {isa = PBXFileReference; fileEncoding = 4; lastKnownFileType = sourcecode.swift; path = "CollectionType+String.swift"; sourceTree = "<group>"; };
		B96EF12B1C29E480001C4D40 /* Accessory.swift */ = {isa = PBXFileReference; fileEncoding = 4; lastKnownFileType = sourcecode.swift; path = Accessory.swift; sourceTree = "<group>"; };
		B984D1261BFFF98A0081158E /* ColorName.swift */ = {isa = PBXFileReference; fileEncoding = 4; lastKnownFileType = sourcecode.swift; path = ColorName.swift; sourceTree = "<group>"; };
		B985B5A61BF986EC003C715B /* ThemeManager.swift */ = {isa = PBXFileReference; fileEncoding = 4; lastKnownFileType = sourcecode.swift; path = ThemeManager.swift; sourceTree = "<group>"; };
		B9AB79F51C331F9A00C696FF /* ManagedRoom.swift */ = {isa = PBXFileReference; fileEncoding = 4; lastKnownFileType = sourcecode.swift; path = ManagedRoom.swift; sourceTree = "<group>"; };
		B9AB7A0A1C3320FD00C696FF /* ManagedLight.swift */ = {isa = PBXFileReference; fileEncoding = 4; lastKnownFileType = sourcecode.swift; path = ManagedLight.swift; sourceTree = "<group>"; };
		B9AB7A0E1C33222000C696FF /* ManagedAccessory.swift */ = {isa = PBXFileReference; fileEncoding = 4; lastKnownFileType = sourcecode.swift; path = ManagedAccessory.swift; sourceTree = "<group>"; };
		B9AB7A101C33225600C696FF /* ManagedBlind.swift */ = {isa = PBXFileReference; fileEncoding = 4; lastKnownFileType = sourcecode.swift; path = ManagedBlind.swift; sourceTree = "<group>"; };
		B9AB7A121C33226A00C696FF /* ManagedConsumer.swift */ = {isa = PBXFileReference; fileEncoding = 4; lastKnownFileType = sourcecode.swift; path = ManagedConsumer.swift; sourceTree = "<group>"; };
		B9AB7A141C33274400C696FF /* ManagedObjectType.swift */ = {isa = PBXFileReference; fileEncoding = 4; lastKnownFileType = sourcecode.swift; path = ManagedObjectType.swift; sourceTree = "<group>"; };
		B9ACC4E61C321C1F00155C46 /* HomeControl.xcdatamodel */ = {isa = PBXFileReference; lastKnownFileType = wrapper.xcdatamodel; path = HomeControl.xcdatamodel; sourceTree = "<group>"; };
		B9ACC4F91C322F8100155C46 /* Store.swift */ = {isa = PBXFileReference; fileEncoding = 4; lastKnownFileType = sourcecode.swift; path = Store.swift; sourceTree = "<group>"; };
		B9ACC4FB1C32368300155C46 /* NSURL+DocumentDirectory.swift */ = {isa = PBXFileReference; fileEncoding = 4; lastKnownFileType = sourcecode.swift; path = "NSURL+DocumentDirectory.swift"; sourceTree = "<group>"; };
		B9C76A341C0927CC00B25DAC /* NetworkError.swift */ = {isa = PBXFileReference; fileEncoding = 4; lastKnownFileType = sourcecode.swift; path = NetworkError.swift; sourceTree = "<group>"; };
		B9E9EDAE1C33731700AEF6AC /* NSManagedObjectContext+Manipulate.swift */ = {isa = PBXFileReference; fileEncoding = 4; lastKnownFileType = sourcecode.swift; path = "NSManagedObjectContext+Manipulate.swift"; sourceTree = "<group>"; };
		B9EE8F2B1C1CDCA5001CB8F1 /* StructureFiles */ = {isa = PBXFileReference; lastKnownFileType = folder; path = StructureFiles; sourceTree = "<group>"; };
		B9EF555D1C22437000206778 /* Alamofire.xcodeproj */ = {isa = PBXFileReference; lastKnownFileType = "wrapper.pb-project"; name = Alamofire.xcodeproj; path = Alamofire/Alamofire.xcodeproj; sourceTree = "<group>"; };
		B9EF55751C22437B00206778 /* SWXMLHash.xcodeproj */ = {isa = PBXFileReference; lastKnownFileType = "wrapper.pb-project"; name = SWXMLHash.xcodeproj; path = SWXMLHash/SWXMLHash.xcodeproj; sourceTree = "<group>"; };
		B9EF558D1C22438600206778 /* Locksmith.xcodeproj */ = {isa = PBXFileReference; lastKnownFileType = "wrapper.pb-project"; name = Locksmith.xcodeproj; path = Locksmith/Locksmith.xcodeproj; sourceTree = "<group>"; };
		B9F10AFD1BF7FFB400AB23D9 /* UIColor+Name.swift */ = {isa = PBXFileReference; fileEncoding = 4; lastKnownFileType = sourcecode.swift; path = "UIColor+Name.swift"; sourceTree = "<group>"; };
		B9F10AFF1BF8004200AB23D9 /* UIImage+Asset.swift */ = {isa = PBXFileReference; fileEncoding = 4; lastKnownFileType = sourcecode.swift; path = "UIImage+Asset.swift"; sourceTree = "<group>"; };
		B9F61E7A1BED644D00D60722 /* HomeControl.app */ = {isa = PBXFileReference; explicitFileType = wrapper.application; includeInIndex = 0; path = HomeControl.app; sourceTree = BUILT_PRODUCTS_DIR; };
		B9F61E8E1BED644D00D60722 /* HomeControlTests.xctest */ = {isa = PBXFileReference; explicitFileType = wrapper.cfbundle; includeInIndex = 0; path = HomeControlTests.xctest; sourceTree = BUILT_PRODUCTS_DIR; };
		B9F61E991BED644D00D60722 /* HomeControlUITests.xctest */ = {isa = PBXFileReference; explicitFileType = wrapper.cfbundle; includeInIndex = 0; path = HomeControlUITests.xctest; sourceTree = BUILT_PRODUCTS_DIR; };
		B9F61EAD1BED651900D60722 /* Assets.xcassets */ = {isa = PBXFileReference; lastKnownFileType = folder.assetcatalog; path = Assets.xcassets; sourceTree = "<group>"; };
		B9F61EAF1BED651900D60722 /* Base */ = {isa = PBXFileReference; lastKnownFileType = file.storyboard; name = Base; path = Base.lproj/LaunchScreen.storyboard; sourceTree = "<group>"; };
		B9F61EB01BED651900D60722 /* Info.plist */ = {isa = PBXFileReference; fileEncoding = 4; lastKnownFileType = text.plist.xml; path = Info.plist; sourceTree = "<group>"; };
		B9F61EB21BED651900D60722 /* AppDelegate.swift */ = {isa = PBXFileReference; fileEncoding = 4; lastKnownFileType = sourcecode.swift; path = AppDelegate.swift; sourceTree = "<group>"; };
		B9F61EB91BED652500D60722 /* Info.plist */ = {isa = PBXFileReference; fileEncoding = 4; lastKnownFileType = text.plist.xml; path = Info.plist; sourceTree = "<group>"; };
		B9F61EBD1BED652E00D60722 /* Info.plist */ = {isa = PBXFileReference; fileEncoding = 4; lastKnownFileType = text.plist.xml; path = Info.plist; sourceTree = "<group>"; };
		B9FC15581C0BBFE800FEF734 /* StructureFileParser.swift */ = {isa = PBXFileReference; fileEncoding = 4; lastKnownFileType = sourcecode.swift; path = StructureFileParser.swift; sourceTree = "<group>"; };
/* End PBXFileReference section */

/* Begin PBXFrameworksBuildPhase section */
		B9F61E771BED644D00D60722 /* Frameworks */ = {
			isa = PBXFrameworksBuildPhase;
			buildActionMask = 2147483647;
			files = (
				B9EF55AA1C2243CA00206778 /* Alamofire.framework in Frameworks */,
				B9EF55AF1C2243CF00206778 /* SWXMLHash.framework in Frameworks */,
				B9EF55B31C2243D400206778 /* Locksmith.framework in Frameworks */,
			);
			runOnlyForDeploymentPostprocessing = 0;
		};
		B9F61E8B1BED644D00D60722 /* Frameworks */ = {
			isa = PBXFrameworksBuildPhase;
			buildActionMask = 2147483647;
			files = (
			);
			runOnlyForDeploymentPostprocessing = 0;
		};
		B9F61E961BED644D00D60722 /* Frameworks */ = {
			isa = PBXFrameworksBuildPhase;
			buildActionMask = 2147483647;
			files = (
			);
			runOnlyForDeploymentPostprocessing = 0;
		};
/* End PBXFrameworksBuildPhase section */

/* Begin PBXGroup section */
		B9EF555E1C22437000206778 /* Products */ = {
			isa = PBXGroup;
			children = (
				B9EF55681C22437000206778 /* Alamofire.framework */,
				B9EF556A1C22437000206778 /* Alamofire iOS Tests.xctest */,
				B9EF556C1C22437000206778 /* Alamofire.framework */,
				B9EF556E1C22437000206778 /* Alamofire OSX Tests.xctest */,
				B9EF55701C22437000206778 /* Alamofire.framework */,
				B9EF55721C22437000206778 /* Alamofire tvOS Tests.xctest */,
				B9EF55741C22437000206778 /* Alamofire.framework */,
			);
			name = Products;
			sourceTree = "<group>";
		};
		B9EF55761C22437B00206778 /* Products */ = {
			isa = PBXGroup;
			children = (
				B9EF55801C22437B00206778 /* SWXMLHash.framework */,
				B9EF55821C22437B00206778 /* SWXMLHash iOS Tests.xctest */,
				B9EF55841C22437B00206778 /* SWXMLHash.framework */,
				B9EF55861C22437B00206778 /* SWXMLHash OSX Tests.xctest */,
				B9EF55881C22437B00206778 /* SWXMLHash.framework */,
				B9EF558A1C22437B00206778 /* SWXMLHash tvOS Tests.xctest */,
				B9EF558C1C22437B00206778 /* SWXMLHash.framework */,
			);
			name = Products;
			sourceTree = "<group>";
		};
		B9EF558E1C22438600206778 /* Products */ = {
			isa = PBXGroup;
			children = (
				B9EF55971C22438600206778 /* Locksmith.framework */,
				B9EF55991C22438600206778 /* Locksmith iOS Tests.xctest */,
				B9EF559B1C22438600206778 /* Locksmith.framework */,
				B9EF559D1C22438600206778 /* Locksmith OS X Tests.xctest */,
				B9EF559F1C22438600206778 /* Locksmith.framework */,
				B9EF55A11C22438600206778 /* Locksmith.framework */,
			);
			name = Products;
			sourceTree = "<group>";
		};
		B9F61E711BED644D00D60722 = {
			isa = PBXGroup;
			children = (
				B9F61EAB1BED651900D60722 /* HomeControl */,
				B9F61EB71BED652500D60722 /* HomeControlTests */,
				B9F61EBB1BED652E00D60722 /* HomeControlUITests */,
				B9F61E7B1BED644D00D60722 /* Products */,
				B9EF555D1C22437000206778 /* Alamofire.xcodeproj */,
				B9EF55751C22437B00206778 /* SWXMLHash.xcodeproj */,
				B9EF558D1C22438600206778 /* Locksmith.xcodeproj */,
			);
			sourceTree = "<group>";
		};
		B9F61E7B1BED644D00D60722 /* Products */ = {
			isa = PBXGroup;
			children = (
				B9F61E7A1BED644D00D60722 /* HomeControl.app */,
				B9F61E8E1BED644D00D60722 /* HomeControlTests.xctest */,
				B9F61E991BED644D00D60722 /* HomeControlUITests.xctest */,
			);
			name = Products;
			sourceTree = "<group>";
		};
		B9F61EAB1BED651900D60722 /* HomeControl */ = {
			isa = PBXGroup;
			children = (
				B9F61EB11BED651900D60722 /* Source */,
				B9F61EAC1BED651900D60722 /* Resources */,
			);
			path = HomeControl;
			sourceTree = "<group>";
		};
		B9F61EAC1BED651900D60722 /* Resources */ = {
			isa = PBXGroup;
			children = (
				B9ACC4E51C321C1F00155C46 /* HomeControl.xcdatamodeld */,
				B9F61EAD1BED651900D60722 /* Assets.xcassets */,
				B9F61EAE1BED651900D60722 /* LaunchScreen.storyboard */,
				B9F61EB01BED651900D60722 /* Info.plist */,
			);
			path = Resources;
			sourceTree = "<group>";
		};
		B9F61EB11BED651900D60722 /* Source */ = {
			isa = PBXGroup;
			children = (
				B9F61EB21BED651900D60722 /* AppDelegate.swift */,
				B9ACC4F91C322F8100155C46 /* Store.swift */,
				B9AB7A141C33274400C696FF /* ManagedObjectType.swift */,
				B9AB79F51C331F9A00C696FF /* ManagedRoom.swift */,
				B9AB7A0E1C33222000C696FF /* ManagedAccessory.swift */,
				B9AB7A0A1C3320FD00C696FF /* ManagedLight.swift */,
				B9AB7A101C33225600C696FF /* ManagedBlind.swift */,
				B9AB7A121C33226A00C696FF /* ManagedConsumer.swift */,
				B95E46F21BEEB4AE00481E51 /* SetupController.swift */,
				B92F3E671C012F2000B3CD32 /* SetupViewModel.swift */,
				B9FC15581C0BBFE800FEF734 /* StructureFileParser.swift */,
				B96E75F91C27121800279A45 /* StructureFileParserError.swift */,
				B9C76A341C0927CC00B25DAC /* NetworkError.swift */,
				B94E25741C067C7600B52062 /* NetworkManager.swift */,
				B93C2C221C0D2657003340EE /* AuthenticationData.swift */,
				B9220F871C0A98050095A206 /* Room.swift */,
				B96EF12B1C29E480001C4D40 /* Accessory.swift */,
				B9220F891C0A98BF0095A206 /* Light.swift */,
				B9220F8B1C0A9A8C0095A206 /* Blind.swift */,
				B9220F8D1C0A9B300095A206 /* Consumer.swift */,
				B985B5A61BF986EC003C715B /* ThemeManager.swift */,
				B91ED9731BFAA1EE0070EB8E /* Theme.swift */,
				B91ED9711BFA9C5B0070EB8E /* Box.swift */,
				B984D1261BFFF98A0081158E /* ColorName.swift */,
				B96E760C1C2715F300279A45 /* CollectionType+String.swift */,
				B9ACC4FB1C32368300155C46 /* NSURL+DocumentDirectory.swift */,
				B9E9EDAE1C33731700AEF6AC /* NSManagedObjectContext+Manipulate.swift */,
				B9F10AFD1BF7FFB400AB23D9 /* UIColor+Name.swift */,
				B9F10AFF1BF8004200AB23D9 /* UIImage+Asset.swift */,
			);
			path = Source;
			sourceTree = "<group>";
		};
		B9F61EB71BED652500D60722 /* HomeControlTests */ = {
			isa = PBXGroup;
			children = (
				B9F960AB1C13A253005670B9 /* Source */,
				B9F61EB81BED652500D60722 /* Resources */,
			);
			path = HomeControlTests;
			sourceTree = "<group>";
		};
		B9F61EB81BED652500D60722 /* Resources */ = {
			isa = PBXGroup;
			children = (
				B9F61EB91BED652500D60722 /* Info.plist */,
				B9EE8F2B1C1CDCA5001CB8F1 /* StructureFiles */,
			);
			path = Resources;
			sourceTree = "<group>";
		};
		B9F61EBB1BED652E00D60722 /* HomeControlUITests */ = {
			isa = PBXGroup;
			children = (
				B9F61EBC1BED652E00D60722 /* Resources */,
			);
			path = HomeControlUITests;
			sourceTree = "<group>";
		};
		B9F61EBC1BED652E00D60722 /* Resources */ = {
			isa = PBXGroup;
			children = (
				B9F61EBD1BED652E00D60722 /* Info.plist */,
			);
			path = Resources;
			sourceTree = "<group>";
		};
		B9F960AB1C13A253005670B9 /* Source */ = {
			isa = PBXGroup;
			children = (
				B95BD9AF1C20F01000AB74D1 /* StructureFileParserTests.swift */,
				B95BD9B11C20F37200AB74D1 /* NetworkManagerTests.swift */,
			);
			name = Source;
			path = ..;
			sourceTree = "<group>";
		};
/* End PBXGroup section */

/* Begin PBXNativeTarget section */
		B9F61E791BED644D00D60722 /* HomeControl */ = {
			isa = PBXNativeTarget;
			buildConfigurationList = B9F61EA21BED644D00D60722 /* Build configuration list for PBXNativeTarget "HomeControl" */;
			buildPhases = (
				B9F61E761BED644D00D60722 /* Sources */,
				B9F61E771BED644D00D60722 /* Frameworks */,
				B9F61E781BED644D00D60722 /* Resources */,
				B9EF55AE1C2243CA00206778 /* Embed Frameworks */,
			);
			buildRules = (
			);
			dependencies = (
				B9EF55AD1C2243CA00206778 /* PBXTargetDependency */,
				B9EF55B21C2243CF00206778 /* PBXTargetDependency */,
				B9EF55B61C2243D400206778 /* PBXTargetDependency */,
			);
			name = HomeControl;
			productName = HomeControl;
			productReference = B9F61E7A1BED644D00D60722 /* HomeControl.app */;
			productType = "com.apple.product-type.application";
		};
		B9F61E8D1BED644D00D60722 /* HomeControlTests */ = {
			isa = PBXNativeTarget;
			buildConfigurationList = B9F61EA51BED644D00D60722 /* Build configuration list for PBXNativeTarget "HomeControlTests" */;
			buildPhases = (
				B9F61E8A1BED644D00D60722 /* Sources */,
				B9F61E8B1BED644D00D60722 /* Frameworks */,
				B9F61E8C1BED644D00D60722 /* Resources */,
			);
			buildRules = (
			);
			dependencies = (
				B9F61E901BED644D00D60722 /* PBXTargetDependency */,
			);
			name = HomeControlTests;
			productName = HomeControlTests;
			productReference = B9F61E8E1BED644D00D60722 /* HomeControlTests.xctest */;
			productType = "com.apple.product-type.bundle.unit-test";
		};
		B9F61E981BED644D00D60722 /* HomeControlUITests */ = {
			isa = PBXNativeTarget;
			buildConfigurationList = B9F61EA81BED644D00D60722 /* Build configuration list for PBXNativeTarget "HomeControlUITests" */;
			buildPhases = (
				B9F61E951BED644D00D60722 /* Sources */,
				B9F61E961BED644D00D60722 /* Frameworks */,
				B9F61E971BED644D00D60722 /* Resources */,
			);
			buildRules = (
			);
			dependencies = (
				B9F61E9B1BED644D00D60722 /* PBXTargetDependency */,
			);
			name = HomeControlUITests;
			productName = HomeControlUITests;
			productReference = B9F61E991BED644D00D60722 /* HomeControlUITests.xctest */;
			productType = "com.apple.product-type.bundle.ui-testing";
		};
/* End PBXNativeTarget section */

/* Begin PBXProject section */
		B9F61E721BED644D00D60722 /* Project object */ = {
			isa = PBXProject;
			attributes = {
				LastSwiftUpdateCheck = 0710;
				LastUpgradeCheck = 0710;
				ORGANIZATIONNAME = "Julian Grosshauser";
				TargetAttributes = {
					B9F61E791BED644D00D60722 = {
						CreatedOnToolsVersion = 7.1;
					};
					B9F61E8D1BED644D00D60722 = {
						CreatedOnToolsVersion = 7.1;
						TestTargetID = B9F61E791BED644D00D60722;
					};
					B9F61E981BED644D00D60722 = {
						CreatedOnToolsVersion = 7.1;
						TestTargetID = B9F61E791BED644D00D60722;
					};
				};
			};
			buildConfigurationList = B9F61E751BED644D00D60722 /* Build configuration list for PBXProject "HomeControl" */;
			compatibilityVersion = "Xcode 3.2";
			developmentRegion = English;
			hasScannedForEncodings = 0;
			knownRegions = (
				en,
				Base,
			);
			mainGroup = B9F61E711BED644D00D60722;
			productRefGroup = B9F61E7B1BED644D00D60722 /* Products */;
			projectDirPath = "";
			projectReferences = (
				{
					ProductGroup = B9EF555E1C22437000206778 /* Products */;
					ProjectRef = B9EF555D1C22437000206778 /* Alamofire.xcodeproj */;
				},
				{
					ProductGroup = B9EF558E1C22438600206778 /* Products */;
					ProjectRef = B9EF558D1C22438600206778 /* Locksmith.xcodeproj */;
				},
				{
					ProductGroup = B9EF55761C22437B00206778 /* Products */;
					ProjectRef = B9EF55751C22437B00206778 /* SWXMLHash.xcodeproj */;
				},
			);
			projectRoot = "";
			targets = (
				B9F61E791BED644D00D60722 /* HomeControl */,
				B9F61E8D1BED644D00D60722 /* HomeControlTests */,
				B9F61E981BED644D00D60722 /* HomeControlUITests */,
			);
		};
/* End PBXProject section */

/* Begin PBXReferenceProxy section */
		B9EF55681C22437000206778 /* Alamofire.framework */ = {
			isa = PBXReferenceProxy;
			fileType = wrapper.framework;
			path = Alamofire.framework;
			remoteRef = B9EF55671C22437000206778 /* PBXContainerItemProxy */;
			sourceTree = BUILT_PRODUCTS_DIR;
		};
		B9EF556A1C22437000206778 /* Alamofire iOS Tests.xctest */ = {
			isa = PBXReferenceProxy;
			fileType = wrapper.cfbundle;
			path = "Alamofire iOS Tests.xctest";
			remoteRef = B9EF55691C22437000206778 /* PBXContainerItemProxy */;
			sourceTree = BUILT_PRODUCTS_DIR;
		};
		B9EF556C1C22437000206778 /* Alamofire.framework */ = {
			isa = PBXReferenceProxy;
			fileType = wrapper.framework;
			path = Alamofire.framework;
			remoteRef = B9EF556B1C22437000206778 /* PBXContainerItemProxy */;
			sourceTree = BUILT_PRODUCTS_DIR;
		};
		B9EF556E1C22437000206778 /* Alamofire OSX Tests.xctest */ = {
			isa = PBXReferenceProxy;
			fileType = wrapper.cfbundle;
			path = "Alamofire OSX Tests.xctest";
			remoteRef = B9EF556D1C22437000206778 /* PBXContainerItemProxy */;
			sourceTree = BUILT_PRODUCTS_DIR;
		};
		B9EF55701C22437000206778 /* Alamofire.framework */ = {
			isa = PBXReferenceProxy;
			fileType = wrapper.framework;
			path = Alamofire.framework;
			remoteRef = B9EF556F1C22437000206778 /* PBXContainerItemProxy */;
			sourceTree = BUILT_PRODUCTS_DIR;
		};
		B9EF55721C22437000206778 /* Alamofire tvOS Tests.xctest */ = {
			isa = PBXReferenceProxy;
			fileType = wrapper.cfbundle;
			path = "Alamofire tvOS Tests.xctest";
			remoteRef = B9EF55711C22437000206778 /* PBXContainerItemProxy */;
			sourceTree = BUILT_PRODUCTS_DIR;
		};
		B9EF55741C22437000206778 /* Alamofire.framework */ = {
			isa = PBXReferenceProxy;
			fileType = wrapper.framework;
			path = Alamofire.framework;
			remoteRef = B9EF55731C22437000206778 /* PBXContainerItemProxy */;
			sourceTree = BUILT_PRODUCTS_DIR;
		};
		B9EF55801C22437B00206778 /* SWXMLHash.framework */ = {
			isa = PBXReferenceProxy;
			fileType = wrapper.framework;
			path = SWXMLHash.framework;
			remoteRef = B9EF557F1C22437B00206778 /* PBXContainerItemProxy */;
			sourceTree = BUILT_PRODUCTS_DIR;
		};
		B9EF55821C22437B00206778 /* SWXMLHash iOS Tests.xctest */ = {
			isa = PBXReferenceProxy;
			fileType = wrapper.cfbundle;
			path = "SWXMLHash iOS Tests.xctest";
			remoteRef = B9EF55811C22437B00206778 /* PBXContainerItemProxy */;
			sourceTree = BUILT_PRODUCTS_DIR;
		};
		B9EF55841C22437B00206778 /* SWXMLHash.framework */ = {
			isa = PBXReferenceProxy;
			fileType = wrapper.framework;
			path = SWXMLHash.framework;
			remoteRef = B9EF55831C22437B00206778 /* PBXContainerItemProxy */;
			sourceTree = BUILT_PRODUCTS_DIR;
		};
		B9EF55861C22437B00206778 /* SWXMLHash OSX Tests.xctest */ = {
			isa = PBXReferenceProxy;
			fileType = wrapper.cfbundle;
			path = "SWXMLHash OSX Tests.xctest";
			remoteRef = B9EF55851C22437B00206778 /* PBXContainerItemProxy */;
			sourceTree = BUILT_PRODUCTS_DIR;
		};
		B9EF55881C22437B00206778 /* SWXMLHash.framework */ = {
			isa = PBXReferenceProxy;
			fileType = wrapper.framework;
			path = SWXMLHash.framework;
			remoteRef = B9EF55871C22437B00206778 /* PBXContainerItemProxy */;
			sourceTree = BUILT_PRODUCTS_DIR;
		};
		B9EF558A1C22437B00206778 /* SWXMLHash tvOS Tests.xctest */ = {
			isa = PBXReferenceProxy;
			fileType = wrapper.cfbundle;
			path = "SWXMLHash tvOS Tests.xctest";
			remoteRef = B9EF55891C22437B00206778 /* PBXContainerItemProxy */;
			sourceTree = BUILT_PRODUCTS_DIR;
		};
		B9EF558C1C22437B00206778 /* SWXMLHash.framework */ = {
			isa = PBXReferenceProxy;
			fileType = wrapper.framework;
			path = SWXMLHash.framework;
			remoteRef = B9EF558B1C22437B00206778 /* PBXContainerItemProxy */;
			sourceTree = BUILT_PRODUCTS_DIR;
		};
		B9EF55971C22438600206778 /* Locksmith.framework */ = {
			isa = PBXReferenceProxy;
			fileType = wrapper.framework;
			path = Locksmith.framework;
			remoteRef = B9EF55961C22438600206778 /* PBXContainerItemProxy */;
			sourceTree = BUILT_PRODUCTS_DIR;
		};
		B9EF55991C22438600206778 /* Locksmith iOS Tests.xctest */ = {
			isa = PBXReferenceProxy;
			fileType = wrapper.cfbundle;
			path = "Locksmith iOS Tests.xctest";
			remoteRef = B9EF55981C22438600206778 /* PBXContainerItemProxy */;
			sourceTree = BUILT_PRODUCTS_DIR;
		};
		B9EF559B1C22438600206778 /* Locksmith.framework */ = {
			isa = PBXReferenceProxy;
			fileType = wrapper.framework;
			path = Locksmith.framework;
			remoteRef = B9EF559A1C22438600206778 /* PBXContainerItemProxy */;
			sourceTree = BUILT_PRODUCTS_DIR;
		};
		B9EF559D1C22438600206778 /* Locksmith OS X Tests.xctest */ = {
			isa = PBXReferenceProxy;
			fileType = wrapper.cfbundle;
			path = "Locksmith OS X Tests.xctest";
			remoteRef = B9EF559C1C22438600206778 /* PBXContainerItemProxy */;
			sourceTree = BUILT_PRODUCTS_DIR;
		};
		B9EF559F1C22438600206778 /* Locksmith.framework */ = {
			isa = PBXReferenceProxy;
			fileType = wrapper.framework;
			path = Locksmith.framework;
			remoteRef = B9EF559E1C22438600206778 /* PBXContainerItemProxy */;
			sourceTree = BUILT_PRODUCTS_DIR;
		};
		B9EF55A11C22438600206778 /* Locksmith.framework */ = {
			isa = PBXReferenceProxy;
			fileType = wrapper.framework;
			path = Locksmith.framework;
			remoteRef = B9EF55A01C22438600206778 /* PBXContainerItemProxy */;
			sourceTree = BUILT_PRODUCTS_DIR;
		};
/* End PBXReferenceProxy section */

/* Begin PBXResourcesBuildPhase section */
		B9F61E781BED644D00D60722 /* Resources */ = {
			isa = PBXResourcesBuildPhase;
			buildActionMask = 2147483647;
			files = (
				B9F61EB31BED651900D60722 /* Assets.xcassets in Resources */,
				B9F61EB41BED651900D60722 /* LaunchScreen.storyboard in Resources */,
			);
			runOnlyForDeploymentPostprocessing = 0;
		};
		B9F61E8C1BED644D00D60722 /* Resources */ = {
			isa = PBXResourcesBuildPhase;
			buildActionMask = 2147483647;
			files = (
				B9EE8F2C1C1CDCA5001CB8F1 /* StructureFiles in Resources */,
			);
			runOnlyForDeploymentPostprocessing = 0;
		};
		B9F61E971BED644D00D60722 /* Resources */ = {
			isa = PBXResourcesBuildPhase;
			buildActionMask = 2147483647;
			files = (
			);
			runOnlyForDeploymentPostprocessing = 0;
		};
/* End PBXResourcesBuildPhase section */

/* Begin PBXSourcesBuildPhase section */
		B9F61E761BED644D00D60722 /* Sources */ = {
			isa = PBXSourcesBuildPhase;
			buildActionMask = 2147483647;
			files = (
				B9F61EB61BED651900D60722 /* AppDelegate.swift in Sources */,
				B93C2C231C0D2657003340EE /* AuthenticationData.swift in Sources */,
				B96EF12C1C29E480001C4D40 /* Accessory.swift in Sources */,
				B95E46F31BEEB4AE00481E51 /* SetupController.swift in Sources */,
				B9AB7A0F1C33222000C696FF /* ManagedAccessory.swift in Sources */,
				B9220F881C0A98050095A206 /* Room.swift in Sources */,
				B9FC15591C0BBFE800FEF734 /* StructureFileParser.swift in Sources */,
				B94E25751C067C7600B52062 /* NetworkManager.swift in Sources */,
				B96E75FA1C27121800279A45 /* StructureFileParserError.swift in Sources */,
				B985B5A71BF986EC003C715B /* ThemeManager.swift in Sources */,
				B984D1271BFFF98A0081158E /* ColorName.swift in Sources */,
				B9ACC4FC1C32368300155C46 /* NSURL+DocumentDirectory.swift in Sources */,
				B9220F8A1C0A98BF0095A206 /* Light.swift in Sources */,
				B9AB7A131C33226A00C696FF /* ManagedConsumer.swift in Sources */,
				B91ED9721BFA9C5B0070EB8E /* Box.swift in Sources */,
				B96E760D1C2715F300279A45 /* CollectionType+String.swift in Sources */,
				B9AB7A111C33225600C696FF /* ManagedBlind.swift in Sources */,
				B9220F8E1C0A9B300095A206 /* Consumer.swift in Sources */,
				B9F10B001BF8004200AB23D9 /* UIImage+Asset.swift in Sources */,
				B9F10AFE1BF7FFB400AB23D9 /* UIColor+Name.swift in Sources */,
				B91ED9741BFAA1EE0070EB8E /* Theme.swift in Sources */,
				B9ACC4FA1C322F8100155C46 /* Store.swift in Sources */,
				B9AB7A0B1C3320FD00C696FF /* ManagedLight.swift in Sources */,
				B9C76A351C0927CC00B25DAC /* NetworkError.swift in Sources */,
				B92F3E681C012F2000B3CD32 /* SetupViewModel.swift in Sources */,
				B9ACC4E71C321C1F00155C46 /* HomeControl.xcdatamodeld in Sources */,
				B9AB79F61C331F9A00C696FF /* ManagedRoom.swift in Sources */,
				B9E9EDAF1C33731700AEF6AC /* NSManagedObjectContext+Manipulate.swift in Sources */,
				B9220F8C1C0A9A8C0095A206 /* Blind.swift in Sources */,
				B9AB7A151C33274400C696FF /* ManagedObjectType.swift in Sources */,
			);
			runOnlyForDeploymentPostprocessing = 0;
		};
		B9F61E8A1BED644D00D60722 /* Sources */ = {
			isa = PBXSourcesBuildPhase;
			buildActionMask = 2147483647;
			files = (
				B95BD9B21C20F37200AB74D1 /* NetworkManagerTests.swift in Sources */,
				B95BD9B01C20F01000AB74D1 /* StructureFileParserTests.swift in Sources */,
			);
			runOnlyForDeploymentPostprocessing = 0;
		};
		B9F61E951BED644D00D60722 /* Sources */ = {
			isa = PBXSourcesBuildPhase;
			buildActionMask = 2147483647;
			files = (
			);
			runOnlyForDeploymentPostprocessing = 0;
		};
/* End PBXSourcesBuildPhase section */

/* Begin PBXTargetDependency section */
		B9EF55AD1C2243CA00206778 /* PBXTargetDependency */ = {
			isa = PBXTargetDependency;
			name = "Alamofire iOS";
			targetProxy = B9EF55AC1C2243CA00206778 /* PBXContainerItemProxy */;
		};
		B9EF55B21C2243CF00206778 /* PBXTargetDependency */ = {
			isa = PBXTargetDependency;
			name = "SWXMLHash iOS";
			targetProxy = B9EF55B11C2243CF00206778 /* PBXContainerItemProxy */;
		};
		B9EF55B61C2243D400206778 /* PBXTargetDependency */ = {
			isa = PBXTargetDependency;
			name = "Locksmith iOS";
			targetProxy = B9EF55B51C2243D400206778 /* PBXContainerItemProxy */;
		};
		B9F61E901BED644D00D60722 /* PBXTargetDependency */ = {
			isa = PBXTargetDependency;
			target = B9F61E791BED644D00D60722 /* HomeControl */;
			targetProxy = B9F61E8F1BED644D00D60722 /* PBXContainerItemProxy */;
		};
		B9F61E9B1BED644D00D60722 /* PBXTargetDependency */ = {
			isa = PBXTargetDependency;
			target = B9F61E791BED644D00D60722 /* HomeControl */;
			targetProxy = B9F61E9A1BED644D00D60722 /* PBXContainerItemProxy */;
		};
/* End PBXTargetDependency section */

/* Begin PBXVariantGroup section */
		B9F61EAE1BED651900D60722 /* LaunchScreen.storyboard */ = {
			isa = PBXVariantGroup;
			children = (
				B9F61EAF1BED651900D60722 /* Base */,
			);
			name = LaunchScreen.storyboard;
			sourceTree = "<group>";
		};
/* End PBXVariantGroup section */

/* Begin XCBuildConfiguration section */
		B9F61EA01BED644D00D60722 /* Debug */ = {
			isa = XCBuildConfiguration;
			buildSettings = {
				ALWAYS_SEARCH_USER_PATHS = NO;
				CLANG_CXX_LANGUAGE_STANDARD = "gnu++0x";
				CLANG_CXX_LIBRARY = "libc++";
				CLANG_ENABLE_MODULES = YES;
				CLANG_ENABLE_OBJC_ARC = YES;
				CLANG_WARN_BOOL_CONVERSION = YES;
				CLANG_WARN_CONSTANT_CONVERSION = YES;
				CLANG_WARN_DIRECT_OBJC_ISA_USAGE = YES_ERROR;
				CLANG_WARN_EMPTY_BODY = YES;
				CLANG_WARN_ENUM_CONVERSION = YES;
				CLANG_WARN_INT_CONVERSION = YES;
				CLANG_WARN_OBJC_ROOT_CLASS = YES_ERROR;
				CLANG_WARN_UNREACHABLE_CODE = YES;
				CLANG_WARN__DUPLICATE_METHOD_MATCH = YES;
				"CODE_SIGN_IDENTITY[sdk=iphoneos*]" = "iPhone Developer";
				COPY_PHASE_STRIP = NO;
				DEBUG_INFORMATION_FORMAT = dwarf;
				ENABLE_STRICT_OBJC_MSGSEND = YES;
				ENABLE_TESTABILITY = YES;
				GCC_C_LANGUAGE_STANDARD = gnu99;
				GCC_DYNAMIC_NO_PIC = NO;
				GCC_NO_COMMON_BLOCKS = YES;
				GCC_OPTIMIZATION_LEVEL = 0;
				GCC_PREPROCESSOR_DEFINITIONS = (
					"DEBUG=1",
					"$(inherited)",
				);
				GCC_WARN_64_TO_32_BIT_CONVERSION = YES;
				GCC_WARN_ABOUT_RETURN_TYPE = YES_ERROR;
				GCC_WARN_UNDECLARED_SELECTOR = YES;
				GCC_WARN_UNINITIALIZED_AUTOS = YES_AGGRESSIVE;
				GCC_WARN_UNUSED_FUNCTION = YES;
				GCC_WARN_UNUSED_VARIABLE = YES;
				IPHONEOS_DEPLOYMENT_TARGET = 9.1;
				MTL_ENABLE_DEBUG_INFO = YES;
				ONLY_ACTIVE_ARCH = YES;
				SDKROOT = iphoneos;
				SWIFT_OPTIMIZATION_LEVEL = "-Onone";
				TARGETED_DEVICE_FAMILY = "1,2";
			};
			name = Debug;
		};
		B9F61EA11BED644D00D60722 /* Release */ = {
			isa = XCBuildConfiguration;
			buildSettings = {
				ALWAYS_SEARCH_USER_PATHS = NO;
				CLANG_CXX_LANGUAGE_STANDARD = "gnu++0x";
				CLANG_CXX_LIBRARY = "libc++";
				CLANG_ENABLE_MODULES = YES;
				CLANG_ENABLE_OBJC_ARC = YES;
				CLANG_WARN_BOOL_CONVERSION = YES;
				CLANG_WARN_CONSTANT_CONVERSION = YES;
				CLANG_WARN_DIRECT_OBJC_ISA_USAGE = YES_ERROR;
				CLANG_WARN_EMPTY_BODY = YES;
				CLANG_WARN_ENUM_CONVERSION = YES;
				CLANG_WARN_INT_CONVERSION = YES;
				CLANG_WARN_OBJC_ROOT_CLASS = YES_ERROR;
				CLANG_WARN_UNREACHABLE_CODE = YES;
				CLANG_WARN__DUPLICATE_METHOD_MATCH = YES;
				"CODE_SIGN_IDENTITY[sdk=iphoneos*]" = "iPhone Developer";
				COPY_PHASE_STRIP = NO;
				DEBUG_INFORMATION_FORMAT = "dwarf-with-dsym";
				ENABLE_NS_ASSERTIONS = NO;
				ENABLE_STRICT_OBJC_MSGSEND = YES;
				GCC_C_LANGUAGE_STANDARD = gnu99;
				GCC_NO_COMMON_BLOCKS = YES;
				GCC_WARN_64_TO_32_BIT_CONVERSION = YES;
				GCC_WARN_ABOUT_RETURN_TYPE = YES_ERROR;
				GCC_WARN_UNDECLARED_SELECTOR = YES;
				GCC_WARN_UNINITIALIZED_AUTOS = YES_AGGRESSIVE;
				GCC_WARN_UNUSED_FUNCTION = YES;
				GCC_WARN_UNUSED_VARIABLE = YES;
				IPHONEOS_DEPLOYMENT_TARGET = 9.1;
				MTL_ENABLE_DEBUG_INFO = NO;
				SDKROOT = iphoneos;
				TARGETED_DEVICE_FAMILY = "1,2";
				VALIDATE_PRODUCT = YES;
			};
			name = Release;
		};
		B9F61EA31BED644D00D60722 /* Debug */ = {
			isa = XCBuildConfiguration;
			buildSettings = {
				ASSETCATALOG_COMPILER_APPICON_NAME = AppIcon;
				EMBEDDED_CONTENT_CONTAINS_SWIFT = YES;
				FRAMEWORK_SEARCH_PATHS = "$(inherited)";
				INFOPLIST_FILE = "$(TARGET_NAME)/Resources/Info.plist";
				LD_RUNPATH_SEARCH_PATHS = "$(inherited) @executable_path/Frameworks";
				PRODUCT_BUNDLE_IDENTIFIER = com.juliangrosshauser.HomeControl;
				PRODUCT_NAME = "$(TARGET_NAME)";
			};
			name = Debug;
		};
		B9F61EA41BED644D00D60722 /* Release */ = {
			isa = XCBuildConfiguration;
			buildSettings = {
				ASSETCATALOG_COMPILER_APPICON_NAME = AppIcon;
				EMBEDDED_CONTENT_CONTAINS_SWIFT = YES;
				FRAMEWORK_SEARCH_PATHS = "$(inherited)";
				INFOPLIST_FILE = "$(TARGET_NAME)/Resources/Info.plist";
				LD_RUNPATH_SEARCH_PATHS = "$(inherited) @executable_path/Frameworks";
				PRODUCT_BUNDLE_IDENTIFIER = com.juliangrosshauser.HomeControl;
				PRODUCT_NAME = "$(TARGET_NAME)";
			};
			name = Release;
		};
		B9F61EA61BED644D00D60722 /* Debug */ = {
			isa = XCBuildConfiguration;
			buildSettings = {
				BUNDLE_LOADER = "$(TEST_HOST)";
				CLANG_ENABLE_MODULES = YES;
				FRAMEWORK_SEARCH_PATHS = "$(inherited)";
				INFOPLIST_FILE = "$(TARGET_NAME)/Resources/Info.plist";
				LD_RUNPATH_SEARCH_PATHS = "$(inherited) @executable_path/Frameworks @loader_path/Frameworks";
				PRODUCT_BUNDLE_IDENTIFIER = com.juliangrosshauser.HomeControlTests;
				PRODUCT_NAME = "$(TARGET_NAME)";
				SWIFT_OPTIMIZATION_LEVEL = "-Onone";
				TEST_HOST = "$(BUILT_PRODUCTS_DIR)/HomeControl.app/HomeControl";
			};
			name = Debug;
		};
		B9F61EA71BED644D00D60722 /* Release */ = {
			isa = XCBuildConfiguration;
			buildSettings = {
				BUNDLE_LOADER = "$(TEST_HOST)";
				CLANG_ENABLE_MODULES = YES;
				FRAMEWORK_SEARCH_PATHS = "$(inherited)";
				INFOPLIST_FILE = "$(TARGET_NAME)/Resources/Info.plist";
				LD_RUNPATH_SEARCH_PATHS = "$(inherited) @executable_path/Frameworks @loader_path/Frameworks";
				PRODUCT_BUNDLE_IDENTIFIER = com.juliangrosshauser.HomeControlTests;
				PRODUCT_NAME = "$(TARGET_NAME)";
				TEST_HOST = "$(BUILT_PRODUCTS_DIR)/HomeControl.app/HomeControl";
			};
			name = Release;
		};
		B9F61EA91BED644D00D60722 /* Debug */ = {
			isa = XCBuildConfiguration;
			buildSettings = {
				CLANG_ENABLE_MODULES = YES;
				FRAMEWORK_SEARCH_PATHS = "$(inherited)";
				INFOPLIST_FILE = "$(TARGET_NAME)/Resources/Info.plist";
				LD_RUNPATH_SEARCH_PATHS = "$(inherited) @executable_path/Frameworks @loader_path/Frameworks";
				PRODUCT_BUNDLE_IDENTIFIER = com.juliangrosshauser.HomeControlUITests;
				PRODUCT_NAME = "$(TARGET_NAME)";
				SWIFT_OPTIMIZATION_LEVEL = "-Onone";
				TEST_TARGET_NAME = HomeControl;
				USES_XCTRUNNER = YES;
			};
			name = Debug;
		};
		B9F61EAA1BED644D00D60722 /* Release */ = {
			isa = XCBuildConfiguration;
			buildSettings = {
				CLANG_ENABLE_MODULES = YES;
				FRAMEWORK_SEARCH_PATHS = "$(inherited)";
				INFOPLIST_FILE = "$(TARGET_NAME)/Resources/Info.plist";
				LD_RUNPATH_SEARCH_PATHS = "$(inherited) @executable_path/Frameworks @loader_path/Frameworks";
				PRODUCT_BUNDLE_IDENTIFIER = com.juliangrosshauser.HomeControlUITests;
				PRODUCT_NAME = "$(TARGET_NAME)";
				TEST_TARGET_NAME = HomeControl;
				USES_XCTRUNNER = YES;
			};
			name = Release;
		};
/* End XCBuildConfiguration section */

/* Begin XCConfigurationList section */
		B9F61E751BED644D00D60722 /* Build configuration list for PBXProject "HomeControl" */ = {
			isa = XCConfigurationList;
			buildConfigurations = (
				B9F61EA01BED644D00D60722 /* Debug */,
				B9F61EA11BED644D00D60722 /* Release */,
			);
			defaultConfigurationIsVisible = 0;
			defaultConfigurationName = Release;
		};
		B9F61EA21BED644D00D60722 /* Build configuration list for PBXNativeTarget "HomeControl" */ = {
			isa = XCConfigurationList;
			buildConfigurations = (
				B9F61EA31BED644D00D60722 /* Debug */,
				B9F61EA41BED644D00D60722 /* Release */,
			);
			defaultConfigurationIsVisible = 0;
			defaultConfigurationName = Release;
		};
		B9F61EA51BED644D00D60722 /* Build configuration list for PBXNativeTarget "HomeControlTests" */ = {
			isa = XCConfigurationList;
			buildConfigurations = (
				B9F61EA61BED644D00D60722 /* Debug */,
				B9F61EA71BED644D00D60722 /* Release */,
			);
			defaultConfigurationIsVisible = 0;
			defaultConfigurationName = Release;
		};
		B9F61EA81BED644D00D60722 /* Build configuration list for PBXNativeTarget "HomeControlUITests" */ = {
			isa = XCConfigurationList;
			buildConfigurations = (
				B9F61EA91BED644D00D60722 /* Debug */,
				B9F61EAA1BED644D00D60722 /* Release */,
			);
			defaultConfigurationIsVisible = 0;
			defaultConfigurationName = Release;
		};
/* End XCConfigurationList section */

/* Begin XCVersionGroup section */
		B9ACC4E51C321C1F00155C46 /* HomeControl.xcdatamodeld */ = {
			isa = XCVersionGroup;
			children = (
				B9ACC4E61C321C1F00155C46 /* HomeControl.xcdatamodel */,
			);
			currentVersion = B9ACC4E61C321C1F00155C46 /* HomeControl.xcdatamodel */;
			path = HomeControl.xcdatamodeld;
			sourceTree = "<group>";
			versionGroupType = wrapper.xcdatamodel;
		};
/* End XCVersionGroup section */
	};
	rootObject = B9F61E721BED644D00D60722 /* Project object */;
}
